// !$*UTF8*$!
{
	archiveVersion = 1;
	classes = {
	};
	objectVersion = 54;
	objects = {

/* Begin PBXBuildFile section */
		0C80B921A6F3F58F76C31292 /* libPods-BrekekePhone.a in Frameworks */ = {isa = PBXBuildFile; fileRef = 5DCACB8F33CDC322A6C60F78 /* libPods-BrekekePhone.a */; };
		13B07FBF1A68108700A75B9A /* Images.xcassets in Resources */ = {isa = PBXBuildFile; fileRef = 13B07FB51A68108700A75B9A /* Images.xcassets */; };
		81AB9BB82411601600AC10FF /* LaunchScreen.storyboard in Resources */ = {isa = PBXBuildFile; fileRef = 81AB9BB72411601600AC10FF /* LaunchScreen.storyboard */; };
		CB6CF4892A414C2400A14CCD /* Bridging-Header.m in Sources */ = {isa = PBXBuildFile; fileRef = CB6CF4822A414C2400A14CCD /* Bridging-Header.m */; };
		CB6CF48A2A414C2400A14CCD /* AppDelegate.swift in Sources */ = {isa = PBXBuildFile; fileRef = CB6CF4832A414C2400A14CCD /* AppDelegate.swift */; };
		CB6CF48B2A414C2400A14CCD /* BrekekeLPCManager.swift in Sources */ = {isa = PBXBuildFile; fileRef = CB6CF4842A414C2400A14CCD /* BrekekeLPCManager.swift */; };
		CB6CF48C2A414C2400A14CCD /* callkit.png in Resources */ = {isa = PBXBuildFile; fileRef = CB6CF4852A414C2400A14CCD /* callkit.png */; };
		CB6CF48D2A414C2400A14CCD /* BrekekeUtils.swift in Sources */ = {isa = PBXBuildFile; fileRef = CB6CF4862A414C2400A14CCD /* BrekekeUtils.swift */; };
		CB6CF4B02A414C9800A14CCD /* Settings.swift in Sources */ = {isa = PBXBuildFile; fileRef = CB6CF4902A414C9800A14CCD /* Settings.swift */; };
		CB6CF4B12A414C9800A14CCD /* SettingsManager.swift in Sources */ = {isa = PBXBuildFile; fileRef = CB6CF4912A414C9800A14CCD /* SettingsManager.swift */; };
		CB6CF4B22A414C9800A14CCD /* HeartbeatCoordinator.swift in Sources */ = {isa = PBXBuildFile; fileRef = CB6CF4932A414C9800A14CCD /* HeartbeatCoordinator.swift */; };
		CB6CF4B32A414C9800A14CCD /* ConnectionOptions.swift in Sources */ = {isa = PBXBuildFile; fileRef = CB6CF4942A414C9800A14CCD /* ConnectionOptions.swift */; };
		CB6CF4B42A414C9800A14CCD /* NetworkSession.swift in Sources */ = {isa = PBXBuildFile; fileRef = CB6CF4952A414C9800A14CCD /* NetworkSession.swift */; };
		CB6CF4B52A414C9800A14CCD /* HeartbeatMonitor.swift in Sources */ = {isa = PBXBuildFile; fileRef = CB6CF4962A414C9800A14CCD /* HeartbeatMonitor.swift */; };
		CB6CF4B62A414C9800A14CCD /* RequestResponseSession.swift in Sources */ = {isa = PBXBuildFile; fileRef = CB6CF4972A414C9800A14CCD /* RequestResponseSession.swift */; };
		CB6CF4B72A414C9800A14CCD /* LengthPrefixedFramer.swift in Sources */ = {isa = PBXBuildFile; fileRef = CB6CF4982A414C9800A14CCD /* LengthPrefixedFramer.swift */; };
		CB6CF4B82A414C9800A14CCD /* BaseChannel.swift in Sources */ = {isa = PBXBuildFile; fileRef = CB6CF4992A414C9800A14CCD /* BaseChannel.swift */; };
		CB6CF4B92A414C9800A14CCD /* TextMessage.swift in Sources */ = {isa = PBXBuildFile; fileRef = CB6CF49B2A414C9800A14CCD /* TextMessage.swift */; };
		CB6CF4BA2A414C9800A14CCD /* Heartbeat.swift in Sources */ = {isa = PBXBuildFile; fileRef = CB6CF49C2A414C9800A14CCD /* Heartbeat.swift */; };
		CB6CF4BB2A414C9800A14CCD /* Invite.swift in Sources */ = {isa = PBXBuildFile; fileRef = CB6CF49D2A414C9800A14CCD /* Invite.swift */; };
		CB6CF4BC2A414C9800A14CCD /* Directory.swift in Sources */ = {isa = PBXBuildFile; fileRef = CB6CF49E2A414C9800A14CCD /* Directory.swift */; };
		CB6CF4BD2A414C9800A14CCD /* Routable.swift in Sources */ = {isa = PBXBuildFile; fileRef = CB6CF49F2A414C9800A14CCD /* Routable.swift */; };
		CB6CF4BE2A414C9800A14CCD /* KeyCoder.swift in Sources */ = {isa = PBXBuildFile; fileRef = CB6CF4A02A414C9800A14CCD /* KeyCoder.swift */; };
		CB6CF4BF2A414C9800A14CCD /* User.swift in Sources */ = {isa = PBXBuildFile; fileRef = CB6CF4A12A414C9800A14CCD /* User.swift */; };
		CB6CF4C02A414C9800A14CCD /* Routing.swift in Sources */ = {isa = PBXBuildFile; fileRef = CB6CF4A22A414C9800A14CCD /* Routing.swift */; };
		CB6CF4C12A414C9800A14CCD /* CallAction.swift in Sources */ = {isa = PBXBuildFile; fileRef = CB6CF4A32A414C9800A14CCD /* CallAction.swift */; };
		CB6CF4C22A414C9800A14CCD /* Publisher+DropNil.swift in Sources */ = {isa = PBXBuildFile; fileRef = CB6CF4A52A414C9800A14CCD /* Publisher+DropNil.swift */; };
		CB6CF4C32A414C9800A14CCD /* Logger.swift in Sources */ = {isa = PBXBuildFile; fileRef = CB6CF4A62A414C9800A14CCD /* Logger.swift */; };
		CB6CF4C42A414C9800A14CCD /* Dictionary+Mutation.swift in Sources */ = {isa = PBXBuildFile; fileRef = CB6CF4A72A414C9800A14CCD /* Dictionary+Mutation.swift */; };
		CB6CF4C52A414C9800A14CCD /* Publisher+Unfailable.swift in Sources */ = {isa = PBXBuildFile; fileRef = CB6CF4A82A414C9800A14CCD /* Publisher+Unfailable.swift */; };
		CB6CF4C62A414C9800A14CCD /* KeyCodable.swift in Sources */ = {isa = PBXBuildFile; fileRef = CB6CF4AA2A414C9800A14CCD /* KeyCodable.swift */; };
		CB6CF4C72A414C9800A14CCD /* Decodable+JSON.swift in Sources */ = {isa = PBXBuildFile; fileRef = CB6CF4AB2A414C9800A14CCD /* Decodable+JSON.swift */; };
		CB6CF4C82A414C9800A14CCD /* BrekekeLPCExtension.swift in Sources */ = {isa = PBXBuildFile; fileRef = CB6CF4AD2A414C9800A14CCD /* BrekekeLPCExtension.swift */; };
		CB6CF4C92A414C9800A14CCD /* Info.plist in Resources */ = {isa = PBXBuildFile; fileRef = CB6CF4AF2A414C9800A14CCD /* Info.plist */; };
		CB6CF4CD2A414CF000A14CCD /* incallmanager_ringtone.mp3 in Resources */ = {isa = PBXBuildFile; fileRef = CB6CF4CA2A414CF000A14CCD /* incallmanager_ringtone.mp3 */; };
		CB6CF4CE2A414CF000A14CCD /* incallmanager_ringback.mp3 in Resources */ = {isa = PBXBuildFile; fileRef = CB6CF4CB2A414CF000A14CCD /* incallmanager_ringback.mp3 */; };
		CB6CF4CF2A414CF000A14CCD /* ding.mp3 in Resources */ = {isa = PBXBuildFile; fileRef = CB6CF4CC2A414CF000A14CCD /* ding.mp3 */; };
/* End PBXBuildFile section */

/* Begin PBXFileReference section */
		00E356F11AD99517003FC87E /* Info.plist */ = {isa = PBXFileReference; lastKnownFileType = text.plist.xml; path = Info.plist; sourceTree = "<group>"; };
		00E356F21AD99517003FC87E /* BrekekePhoneTests.m */ = {isa = PBXFileReference; lastKnownFileType = sourcecode.c.objc; path = BrekekePhoneTests.m; sourceTree = "<group>"; };
		13B07F961A680F5B00A75B9A /* BrekekePhone.app */ = {isa = PBXFileReference; explicitFileType = wrapper.application; includeInIndex = 0; path = BrekekePhone.app; sourceTree = BUILT_PRODUCTS_DIR; };
		13B07FB51A68108700A75B9A /* Images.xcassets */ = {isa = PBXFileReference; lastKnownFileType = folder.assetcatalog; name = Images.xcassets; path = BrekekePhone/Images.xcassets; sourceTree = "<group>"; };
		13B07FB61A68108700A75B9A /* Info.plist */ = {isa = PBXFileReference; fileEncoding = 4; lastKnownFileType = text.plist.xml; name = Info.plist; path = BrekekePhone/Info.plist; sourceTree = "<group>"; };
		19F6CBCC0A4E27FBF8BF4A61 /* libPods-BrekekePhone-BrekekePhoneTests.a */ = {isa = PBXFileReference; explicitFileType = archive.ar; includeInIndex = 0; path = "libPods-BrekekePhone-BrekekePhoneTests.a"; sourceTree = BUILT_PRODUCTS_DIR; };
		3B4392A12AC88292D35C810B /* Pods-BrekekePhone.debug.xcconfig */ = {isa = PBXFileReference; includeInIndex = 1; lastKnownFileType = text.xcconfig; name = "Pods-BrekekePhone.debug.xcconfig"; path = "Target Support Files/Pods-BrekekePhone/Pods-BrekekePhone.debug.xcconfig"; sourceTree = "<group>"; };
		5709B34CF0A7D63546082F79 /* Pods-BrekekePhone.release.xcconfig */ = {isa = PBXFileReference; includeInIndex = 1; lastKnownFileType = text.xcconfig; name = "Pods-BrekekePhone.release.xcconfig"; path = "Target Support Files/Pods-BrekekePhone/Pods-BrekekePhone.release.xcconfig"; sourceTree = "<group>"; };
		5B7EB9410499542E8C5724F5 /* Pods-BrekekePhone-BrekekePhoneTests.debug.xcconfig */ = {isa = PBXFileReference; includeInIndex = 1; lastKnownFileType = text.xcconfig; name = "Pods-BrekekePhone-BrekekePhoneTests.debug.xcconfig"; path = "Target Support Files/Pods-BrekekePhone-BrekekePhoneTests/Pods-BrekekePhone-BrekekePhoneTests.debug.xcconfig"; sourceTree = "<group>"; };
		5DCACB8F33CDC322A6C60F78 /* libPods-BrekekePhone.a */ = {isa = PBXFileReference; explicitFileType = archive.ar; includeInIndex = 0; path = "libPods-BrekekePhone.a"; sourceTree = BUILT_PRODUCTS_DIR; };
		81AB9BB72411601600AC10FF /* LaunchScreen.storyboard */ = {isa = PBXFileReference; fileEncoding = 4; lastKnownFileType = file.storyboard; name = LaunchScreen.storyboard; path = BrekekePhone/LaunchScreen.storyboard; sourceTree = "<group>"; };
		89C6BE57DB24E9ADA2F236DE /* Pods-BrekekePhone-BrekekePhoneTests.release.xcconfig */ = {isa = PBXFileReference; includeInIndex = 1; lastKnownFileType = text.xcconfig; name = "Pods-BrekekePhone-BrekekePhoneTests.release.xcconfig"; path = "Target Support Files/Pods-BrekekePhone-BrekekePhoneTests/Pods-BrekekePhone-BrekekePhoneTests.release.xcconfig"; sourceTree = "<group>"; };
		CB6CF4812A414C2300A14CCD /* BrekekePhone-Bridging-Header.h */ = {isa = PBXFileReference; lastKnownFileType = sourcecode.c.h; path = "BrekekePhone-Bridging-Header.h"; sourceTree = "<group>"; };
		CB6CF4822A414C2400A14CCD /* Bridging-Header.m */ = {isa = PBXFileReference; fileEncoding = 4; lastKnownFileType = sourcecode.c.objc; name = "Bridging-Header.m"; path = "BrekekePhone/Bridging-Header.m"; sourceTree = "<group>"; };
		CB6CF4832A414C2400A14CCD /* AppDelegate.swift */ = {isa = PBXFileReference; fileEncoding = 4; lastKnownFileType = sourcecode.swift; name = AppDelegate.swift; path = BrekekePhone/AppDelegate.swift; sourceTree = "<group>"; };
		CB6CF4842A414C2400A14CCD /* BrekekeLPCManager.swift */ = {isa = PBXFileReference; fileEncoding = 4; lastKnownFileType = sourcecode.swift; name = BrekekeLPCManager.swift; path = BrekekePhone/BrekekeLPCManager.swift; sourceTree = "<group>"; };
		CB6CF4852A414C2400A14CCD /* callkit.png */ = {isa = PBXFileReference; lastKnownFileType = image.png; name = callkit.png; path = BrekekePhone/callkit.png; sourceTree = "<group>"; };
		CB6CF4862A414C2400A14CCD /* BrekekeUtils.swift */ = {isa = PBXFileReference; fileEncoding = 4; lastKnownFileType = sourcecode.swift; name = BrekekeUtils.swift; path = BrekekePhone/BrekekeUtils.swift; sourceTree = "<group>"; };
		CB6CF4872A414C2400A14CCD /* BrekekePhone.entitlements */ = {isa = PBXFileReference; fileEncoding = 4; lastKnownFileType = text.plist.entitlements; name = BrekekePhone.entitlements; path = BrekekePhone/BrekekePhone.entitlements; sourceTree = "<group>"; };
		CB6CF4882A414C2400A14CCD /* Bridging-Header.h */ = {isa = PBXFileReference; fileEncoding = 4; lastKnownFileType = sourcecode.c.h; name = "Bridging-Header.h"; path = "BrekekePhone/Bridging-Header.h"; sourceTree = "<group>"; };
		CB6CF4902A414C9800A14CCD /* Settings.swift */ = {isa = PBXFileReference; fileEncoding = 4; lastKnownFileType = sourcecode.swift; path = Settings.swift; sourceTree = "<group>"; };
		CB6CF4912A414C9800A14CCD /* SettingsManager.swift */ = {isa = PBXFileReference; fileEncoding = 4; lastKnownFileType = sourcecode.swift; path = SettingsManager.swift; sourceTree = "<group>"; };
		CB6CF4932A414C9800A14CCD /* HeartbeatCoordinator.swift */ = {isa = PBXFileReference; fileEncoding = 4; lastKnownFileType = sourcecode.swift; path = HeartbeatCoordinator.swift; sourceTree = "<group>"; };
		CB6CF4942A414C9800A14CCD /* ConnectionOptions.swift */ = {isa = PBXFileReference; fileEncoding = 4; lastKnownFileType = sourcecode.swift; path = ConnectionOptions.swift; sourceTree = "<group>"; };
		CB6CF4952A414C9800A14CCD /* NetworkSession.swift */ = {isa = PBXFileReference; fileEncoding = 4; lastKnownFileType = sourcecode.swift; path = NetworkSession.swift; sourceTree = "<group>"; };
		CB6CF4962A414C9800A14CCD /* HeartbeatMonitor.swift */ = {isa = PBXFileReference; fileEncoding = 4; lastKnownFileType = sourcecode.swift; path = HeartbeatMonitor.swift; sourceTree = "<group>"; };
		CB6CF4972A414C9800A14CCD /* RequestResponseSession.swift */ = {isa = PBXFileReference; fileEncoding = 4; lastKnownFileType = sourcecode.swift; path = RequestResponseSession.swift; sourceTree = "<group>"; };
		CB6CF4982A414C9800A14CCD /* LengthPrefixedFramer.swift */ = {isa = PBXFileReference; fileEncoding = 4; lastKnownFileType = sourcecode.swift; path = LengthPrefixedFramer.swift; sourceTree = "<group>"; };
		CB6CF4992A414C9800A14CCD /* BaseChannel.swift */ = {isa = PBXFileReference; fileEncoding = 4; lastKnownFileType = sourcecode.swift; path = BaseChannel.swift; sourceTree = "<group>"; };
		CB6CF49B2A414C9800A14CCD /* TextMessage.swift */ = {isa = PBXFileReference; fileEncoding = 4; lastKnownFileType = sourcecode.swift; path = TextMessage.swift; sourceTree = "<group>"; };
		CB6CF49C2A414C9800A14CCD /* Heartbeat.swift */ = {isa = PBXFileReference; fileEncoding = 4; lastKnownFileType = sourcecode.swift; path = Heartbeat.swift; sourceTree = "<group>"; };
		CB6CF49D2A414C9800A14CCD /* Invite.swift */ = {isa = PBXFileReference; fileEncoding = 4; lastKnownFileType = sourcecode.swift; path = Invite.swift; sourceTree = "<group>"; };
		CB6CF49E2A414C9800A14CCD /* Directory.swift */ = {isa = PBXFileReference; fileEncoding = 4; lastKnownFileType = sourcecode.swift; path = Directory.swift; sourceTree = "<group>"; };
		CB6CF49F2A414C9800A14CCD /* Routable.swift */ = {isa = PBXFileReference; fileEncoding = 4; lastKnownFileType = sourcecode.swift; path = Routable.swift; sourceTree = "<group>"; };
		CB6CF4A02A414C9800A14CCD /* KeyCoder.swift */ = {isa = PBXFileReference; fileEncoding = 4; lastKnownFileType = sourcecode.swift; path = KeyCoder.swift; sourceTree = "<group>"; };
		CB6CF4A12A414C9800A14CCD /* User.swift */ = {isa = PBXFileReference; fileEncoding = 4; lastKnownFileType = sourcecode.swift; path = User.swift; sourceTree = "<group>"; };
		CB6CF4A22A414C9800A14CCD /* Routing.swift */ = {isa = PBXFileReference; fileEncoding = 4; lastKnownFileType = sourcecode.swift; path = Routing.swift; sourceTree = "<group>"; };
		CB6CF4A32A414C9800A14CCD /* CallAction.swift */ = {isa = PBXFileReference; fileEncoding = 4; lastKnownFileType = sourcecode.swift; path = CallAction.swift; sourceTree = "<group>"; };
		CB6CF4A52A414C9800A14CCD /* Publisher+DropNil.swift */ = {isa = PBXFileReference; fileEncoding = 4; lastKnownFileType = sourcecode.swift; path = "Publisher+DropNil.swift"; sourceTree = "<group>"; };
		CB6CF4A62A414C9800A14CCD /* Logger.swift */ = {isa = PBXFileReference; fileEncoding = 4; lastKnownFileType = sourcecode.swift; path = Logger.swift; sourceTree = "<group>"; };
		CB6CF4A72A414C9800A14CCD /* Dictionary+Mutation.swift */ = {isa = PBXFileReference; fileEncoding = 4; lastKnownFileType = sourcecode.swift; path = "Dictionary+Mutation.swift"; sourceTree = "<group>"; };
		CB6CF4A82A414C9800A14CCD /* Publisher+Unfailable.swift */ = {isa = PBXFileReference; fileEncoding = 4; lastKnownFileType = sourcecode.swift; path = "Publisher+Unfailable.swift"; sourceTree = "<group>"; };
		CB6CF4AA2A414C9800A14CCD /* KeyCodable.swift */ = {isa = PBXFileReference; fileEncoding = 4; lastKnownFileType = sourcecode.swift; path = KeyCodable.swift; sourceTree = "<group>"; };
		CB6CF4AB2A414C9800A14CCD /* Decodable+JSON.swift */ = {isa = PBXFileReference; fileEncoding = 4; lastKnownFileType = sourcecode.swift; path = "Decodable+JSON.swift"; sourceTree = "<group>"; };
		CB6CF4AD2A414C9800A14CCD /* BrekekeLPCExtension.swift */ = {isa = PBXFileReference; fileEncoding = 4; lastKnownFileType = sourcecode.swift; path = BrekekeLPCExtension.swift; sourceTree = "<group>"; };
		CB6CF4AE2A414C9800A14CCD /* BrekekeLPCExtension.entitlements */ = {isa = PBXFileReference; fileEncoding = 4; lastKnownFileType = text.plist.entitlements; path = BrekekeLPCExtension.entitlements; sourceTree = "<group>"; };
		CB6CF4AF2A414C9800A14CCD /* Info.plist */ = {isa = PBXFileReference; fileEncoding = 4; lastKnownFileType = text.plist.xml; path = Info.plist; sourceTree = "<group>"; };
		CB6CF4CA2A414CF000A14CCD /* incallmanager_ringtone.mp3 */ = {isa = PBXFileReference; lastKnownFileType = audio.mp3; name = incallmanager_ringtone.mp3; path = ../src/assets/incallmanager_ringtone.mp3; sourceTree = "<group>"; };
		CB6CF4CB2A414CF000A14CCD /* incallmanager_ringback.mp3 */ = {isa = PBXFileReference; lastKnownFileType = audio.mp3; name = incallmanager_ringback.mp3; path = ../src/assets/incallmanager_ringback.mp3; sourceTree = "<group>"; };
		CB6CF4CC2A414CF000A14CCD /* ding.mp3 */ = {isa = PBXFileReference; lastKnownFileType = audio.mp3; name = ding.mp3; path = ../src/assets/ding.mp3; sourceTree = "<group>"; };
		ED297162215061F000B7C4FE /* JavaScriptCore.framework */ = {isa = PBXFileReference; lastKnownFileType = wrapper.framework; name = JavaScriptCore.framework; path = System/Library/Frameworks/JavaScriptCore.framework; sourceTree = SDKROOT; };
/* End PBXFileReference section */

/* Begin PBXFrameworksBuildPhase section */
		13B07F8C1A680F5B00A75B9A /* Frameworks */ = {
			isa = PBXFrameworksBuildPhase;
			buildActionMask = 2147483647;
			files = (
				0C80B921A6F3F58F76C31292 /* libPods-BrekekePhone.a in Frameworks */,
			);
			runOnlyForDeploymentPostprocessing = 0;
		};
/* End PBXFrameworksBuildPhase section */

/* Begin PBXGroup section */
		00E356EF1AD99517003FC87E /* BrekekePhoneTests */ = {
			isa = PBXGroup;
			children = (
				00E356F21AD99517003FC87E /* BrekekePhoneTests.m */,
				00E356F01AD99517003FC87E /* Supporting Files */,
			);
			path = BrekekePhoneTests;
			sourceTree = "<group>";
		};
		00E356F01AD99517003FC87E /* Supporting Files */ = {
			isa = PBXGroup;
			children = (
				00E356F11AD99517003FC87E /* Info.plist */,
			);
			name = "Supporting Files";
			sourceTree = "<group>";
		};
		13B07FAE1A68108700A75B9A /* BrekekePhone */ = {
			isa = PBXGroup;
			children = (
				CB6CF4CC2A414CF000A14CCD /* ding.mp3 */,
				CB6CF4CB2A414CF000A14CCD /* incallmanager_ringback.mp3 */,
				CB6CF4CA2A414CF000A14CCD /* incallmanager_ringtone.mp3 */,
				CB6CF4832A414C2400A14CCD /* AppDelegate.swift */,
				CB6CF4842A414C2400A14CCD /* BrekekeLPCManager.swift */,
				CB6CF4872A414C2400A14CCD /* BrekekePhone.entitlements */,
				CB6CF4862A414C2400A14CCD /* BrekekeUtils.swift */,
				CB6CF4882A414C2400A14CCD /* Bridging-Header.h */,
				CB6CF4822A414C2400A14CCD /* Bridging-Header.m */,
				CB6CF4852A414C2400A14CCD /* callkit.png */,
				13B07FB51A68108700A75B9A /* Images.xcassets */,
				13B07FB61A68108700A75B9A /* Info.plist */,
				81AB9BB72411601600AC10FF /* LaunchScreen.storyboard */,
				CB6CF4812A414C2300A14CCD /* BrekekePhone-Bridging-Header.h */,
			);
			name = BrekekePhone;
			sourceTree = "<group>";
		};
		2D16E6871FA4F8E400B85C8A /* Frameworks */ = {
			isa = PBXGroup;
			children = (
				ED297162215061F000B7C4FE /* JavaScriptCore.framework */,
				5DCACB8F33CDC322A6C60F78 /* libPods-BrekekePhone.a */,
				19F6CBCC0A4E27FBF8BF4A61 /* libPods-BrekekePhone-BrekekePhoneTests.a */,
			);
			name = Frameworks;
			sourceTree = "<group>";
		};
		832341AE1AAA6A7D00B99B32 /* Libraries */ = {
			isa = PBXGroup;
			children = (
			);
			name = Libraries;
			sourceTree = "<group>";
		};
		83CBB9F61A601CBA00E9B192 = {
			isa = PBXGroup;
			children = (
				CB6CF48E2A414C9800A14CCD /* BrekekeLPC */,
				CB6CF4AC2A414C9800A14CCD /* BrekekeLPCExtension */,
				13B07FAE1A68108700A75B9A /* BrekekePhone */,
				832341AE1AAA6A7D00B99B32 /* Libraries */,
				00E356EF1AD99517003FC87E /* BrekekePhoneTests */,
				83CBBA001A601CBA00E9B192 /* Products */,
				2D16E6871FA4F8E400B85C8A /* Frameworks */,
				BBD78D7AC51CEA395F1C20DB /* Pods */,
			);
			indentWidth = 2;
			sourceTree = "<group>";
			tabWidth = 2;
			usesTabs = 0;
		};
		83CBBA001A601CBA00E9B192 /* Products */ = {
			isa = PBXGroup;
			children = (
				13B07F961A680F5B00A75B9A /* BrekekePhone.app */,
			);
			name = Products;
			sourceTree = "<group>";
		};
		BBD78D7AC51CEA395F1C20DB /* Pods */ = {
			isa = PBXGroup;
			children = (
				3B4392A12AC88292D35C810B /* Pods-BrekekePhone.debug.xcconfig */,
				5709B34CF0A7D63546082F79 /* Pods-BrekekePhone.release.xcconfig */,
				5B7EB9410499542E8C5724F5 /* Pods-BrekekePhone-BrekekePhoneTests.debug.xcconfig */,
				89C6BE57DB24E9ADA2F236DE /* Pods-BrekekePhone-BrekekePhoneTests.release.xcconfig */,
			);
			path = Pods;
			sourceTree = "<group>";
		};
		CB6CF48E2A414C9800A14CCD /* BrekekeLPC */ = {
			isa = PBXGroup;
			children = (
				CB6CF48F2A414C9800A14CCD /* Settings */,
				CB6CF4922A414C9800A14CCD /* Networking */,
				CB6CF49A2A414C9800A14CCD /* Models */,
				CB6CF4A42A414C9800A14CCD /* Utilities */,
				CB6CF4A92A414C9800A14CCD /* Coding */,
			);
			path = BrekekeLPC;
			sourceTree = "<group>";
		};
		CB6CF48F2A414C9800A14CCD /* Settings */ = {
			isa = PBXGroup;
			children = (
				CB6CF4902A414C9800A14CCD /* Settings.swift */,
				CB6CF4912A414C9800A14CCD /* SettingsManager.swift */,
			);
			path = Settings;
			sourceTree = "<group>";
		};
		CB6CF4922A414C9800A14CCD /* Networking */ = {
			isa = PBXGroup;
			children = (
				CB6CF4932A414C9800A14CCD /* HeartbeatCoordinator.swift */,
				CB6CF4942A414C9800A14CCD /* ConnectionOptions.swift */,
				CB6CF4952A414C9800A14CCD /* NetworkSession.swift */,
				CB6CF4962A414C9800A14CCD /* HeartbeatMonitor.swift */,
				CB6CF4972A414C9800A14CCD /* RequestResponseSession.swift */,
				CB6CF4982A414C9800A14CCD /* LengthPrefixedFramer.swift */,
				CB6CF4992A414C9800A14CCD /* BaseChannel.swift */,
			);
			path = Networking;
			sourceTree = "<group>";
		};
		CB6CF49A2A414C9800A14CCD /* Models */ = {
			isa = PBXGroup;
			children = (
				CB6CF49B2A414C9800A14CCD /* TextMessage.swift */,
				CB6CF49C2A414C9800A14CCD /* Heartbeat.swift */,
				CB6CF49D2A414C9800A14CCD /* Invite.swift */,
				CB6CF49E2A414C9800A14CCD /* Directory.swift */,
				CB6CF49F2A414C9800A14CCD /* Routable.swift */,
				CB6CF4A02A414C9800A14CCD /* KeyCoder.swift */,
				CB6CF4A12A414C9800A14CCD /* User.swift */,
				CB6CF4A22A414C9800A14CCD /* Routing.swift */,
				CB6CF4A32A414C9800A14CCD /* CallAction.swift */,
			);
			path = Models;
			sourceTree = "<group>";
		};
		CB6CF4A42A414C9800A14CCD /* Utilities */ = {
			isa = PBXGroup;
			children = (
				CB6CF4A52A414C9800A14CCD /* Publisher+DropNil.swift */,
				CB6CF4A62A414C9800A14CCD /* Logger.swift */,
				CB6CF4A72A414C9800A14CCD /* Dictionary+Mutation.swift */,
				CB6CF4A82A414C9800A14CCD /* Publisher+Unfailable.swift */,
			);
			path = Utilities;
			sourceTree = "<group>";
		};
		CB6CF4A92A414C9800A14CCD /* Coding */ = {
			isa = PBXGroup;
			children = (
				CB6CF4AA2A414C9800A14CCD /* KeyCodable.swift */,
				CB6CF4AB2A414C9800A14CCD /* Decodable+JSON.swift */,
			);
			path = Coding;
			sourceTree = "<group>";
		};
		CB6CF4AC2A414C9800A14CCD /* BrekekeLPCExtension */ = {
			isa = PBXGroup;
			children = (
				CB6CF4AD2A414C9800A14CCD /* BrekekeLPCExtension.swift */,
				CB6CF4AE2A414C9800A14CCD /* BrekekeLPCExtension.entitlements */,
				CB6CF4AF2A414C9800A14CCD /* Info.plist */,
			);
			path = BrekekeLPCExtension;
			sourceTree = "<group>";
		};
/* End PBXGroup section */

/* Begin PBXNativeTarget section */
		13B07F861A680F5B00A75B9A /* BrekekePhone */ = {
			isa = PBXNativeTarget;
			buildConfigurationList = 13B07F931A680F5B00A75B9A /* Build configuration list for PBXNativeTarget "BrekekePhone" */;
			buildPhases = (
				C38B50BA6285516D6DCD4F65 /* [CP] Check Pods Manifest.lock */,
				FD10A7F022414F080027D42C /* Start Packager */,
				13B07F871A680F5B00A75B9A /* Sources */,
				13B07F8C1A680F5B00A75B9A /* Frameworks */,
				13B07F8E1A680F5B00A75B9A /* Resources */,
				00DD1BFF1BD5951E006B06BC /* Bundle React Native code and images */,
				00EEFC60759A1932668264C0 /* [CP] Embed Pods Frameworks */,
				E235C05ADACE081382539298 /* [CP] Copy Pods Resources */,
			);
			buildRules = (
			);
			dependencies = (
			);
			name = BrekekePhone;
			productName = BrekekePhone;
			productReference = 13B07F961A680F5B00A75B9A /* BrekekePhone.app */;
			productType = "com.apple.product-type.application";
		};
/* End PBXNativeTarget section */

/* Begin PBXProject section */
		83CBB9F71A601CBA00E9B192 /* Project object */ = {
			isa = PBXProject;
			attributes = {
				LastUpgradeCheck = 1210;
				TargetAttributes = {
					13B07F861A680F5B00A75B9A = {
						LastSwiftMigration = 1430;
					};
				};
			};
			buildConfigurationList = 83CBB9FA1A601CBA00E9B192 /* Build configuration list for PBXProject "BrekekePhone" */;
			compatibilityVersion = "Xcode 12.0";
			developmentRegion = en;
			hasScannedForEncodings = 0;
			knownRegions = (
				en,
				Base,
			);
			mainGroup = 83CBB9F61A601CBA00E9B192;
			productRefGroup = 83CBBA001A601CBA00E9B192 /* Products */;
			projectDirPath = "";
			projectRoot = "";
			targets = (
				13B07F861A680F5B00A75B9A /* BrekekePhone */,
			);
		};
/* End PBXProject section */

/* Begin PBXResourcesBuildPhase section */
		13B07F8E1A680F5B00A75B9A /* Resources */ = {
			isa = PBXResourcesBuildPhase;
			buildActionMask = 2147483647;
			files = (
				CB6CF4C92A414C9800A14CCD /* Info.plist in Resources */,
				CB6CF48C2A414C2400A14CCD /* callkit.png in Resources */,
				CB6CF4CF2A414CF000A14CCD /* ding.mp3 in Resources */,
				81AB9BB82411601600AC10FF /* LaunchScreen.storyboard in Resources */,
				13B07FBF1A68108700A75B9A /* Images.xcassets in Resources */,
				CB6CF4CE2A414CF000A14CCD /* incallmanager_ringback.mp3 in Resources */,
				CB6CF4CD2A414CF000A14CCD /* incallmanager_ringtone.mp3 in Resources */,
			);
			runOnlyForDeploymentPostprocessing = 0;
		};
/* End PBXResourcesBuildPhase section */

/* Begin PBXShellScriptBuildPhase section */
		00DD1BFF1BD5951E006B06BC /* Bundle React Native code and images */ = {
			isa = PBXShellScriptBuildPhase;
			buildActionMask = 2147483647;
			files = (
			);
			inputPaths = (
				"$(SRCROOT)/.xcode.env.local",
				"$(SRCROOT)/.xcode.env",
			);
			name = "Bundle React Native code and images";
			outputPaths = (
			);
			runOnlyForDeploymentPostprocessing = 0;
			shellPath = /bin/sh;
			shellScript = "set -e\n\nWITH_ENVIRONMENT=\"../node_modules/react-native/scripts/xcode/with-environment.sh\"\nREACT_NATIVE_XCODE=\"../node_modules/react-native/scripts/react-native-xcode.sh\"\n\n/bin/sh -c \"$WITH_ENVIRONMENT $REACT_NATIVE_XCODE\"\n";
		};
		00EEFC60759A1932668264C0 /* [CP] Embed Pods Frameworks */ = {
			isa = PBXShellScriptBuildPhase;
			buildActionMask = 2147483647;
			files = (
			);
			inputFileListPaths = (
				"${PODS_ROOT}/Target Support Files/Pods-BrekekePhone/Pods-BrekekePhone-frameworks-${CONFIGURATION}-input-files.xcfilelist",
			);
			name = "[CP] Embed Pods Frameworks";
			outputFileListPaths = (
				"${PODS_ROOT}/Target Support Files/Pods-BrekekePhone/Pods-BrekekePhone-frameworks-${CONFIGURATION}-output-files.xcfilelist",
			);
			runOnlyForDeploymentPostprocessing = 0;
			shellPath = /bin/sh;
			shellScript = "\"${PODS_ROOT}/Target Support Files/Pods-BrekekePhone/Pods-BrekekePhone-frameworks.sh\"\n";
			showEnvVarsInLog = 0;
		};
		C38B50BA6285516D6DCD4F65 /* [CP] Check Pods Manifest.lock */ = {
			isa = PBXShellScriptBuildPhase;
			buildActionMask = 2147483647;
			files = (
			);
			inputFileListPaths = (
			);
			inputPaths = (
				"${PODS_PODFILE_DIR_PATH}/Podfile.lock",
				"${PODS_ROOT}/Manifest.lock",
			);
			name = "[CP] Check Pods Manifest.lock";
			outputFileListPaths = (
			);
			outputPaths = (
				"$(DERIVED_FILE_DIR)/Pods-BrekekePhone-checkManifestLockResult.txt",
			);
			runOnlyForDeploymentPostprocessing = 0;
			shellPath = /bin/sh;
			shellScript = "diff \"${PODS_PODFILE_DIR_PATH}/Podfile.lock\" \"${PODS_ROOT}/Manifest.lock\" > /dev/null\nif [ $? != 0 ] ; then\n    # print error to STDERR\n    echo \"error: The sandbox is not in sync with the Podfile.lock. Run 'pod install' or update your CocoaPods installation.\" >&2\n    exit 1\nfi\n# This output is used by Xcode 'outputs' to avoid re-running this script phase.\necho \"SUCCESS\" > \"${SCRIPT_OUTPUT_FILE_0}\"\n";
			showEnvVarsInLog = 0;
		};
		E235C05ADACE081382539298 /* [CP] Copy Pods Resources */ = {
			isa = PBXShellScriptBuildPhase;
			buildActionMask = 2147483647;
			files = (
			);
			inputFileListPaths = (
				"${PODS_ROOT}/Target Support Files/Pods-BrekekePhone/Pods-BrekekePhone-resources-${CONFIGURATION}-input-files.xcfilelist",
			);
			name = "[CP] Copy Pods Resources";
			outputFileListPaths = (
				"${PODS_ROOT}/Target Support Files/Pods-BrekekePhone/Pods-BrekekePhone-resources-${CONFIGURATION}-output-files.xcfilelist",
			);
			runOnlyForDeploymentPostprocessing = 0;
			shellPath = /bin/sh;
			shellScript = "\"${PODS_ROOT}/Target Support Files/Pods-BrekekePhone/Pods-BrekekePhone-resources.sh\"\n";
			showEnvVarsInLog = 0;
		};
		FD10A7F022414F080027D42C /* Start Packager */ = {
			isa = PBXShellScriptBuildPhase;
			buildActionMask = 2147483647;
			files = (
			);
			inputFileListPaths = (
			);
			inputPaths = (
			);
			name = "Start Packager";
			outputFileListPaths = (
			);
			outputPaths = (
			);
			runOnlyForDeploymentPostprocessing = 0;
			shellPath = /bin/sh;
			shellScript = "export RCT_METRO_PORT=\"${RCT_METRO_PORT:=8081}\"\necho \"export RCT_METRO_PORT=${RCT_METRO_PORT}\" > \"${SRCROOT}/../node_modules/react-native/scripts/.packager.env\"\nif [ -z \"${RCT_NO_LAUNCH_PACKAGER+xxx}\" ] ; then\n  if nc -w 5 -z localhost ${RCT_METRO_PORT} ; then\n    if ! curl -s \"http://localhost:${RCT_METRO_PORT}/status\" | grep -q \"packager-status:running\" ; then\n      echo \"Port ${RCT_METRO_PORT} already in use, packager is either not running or not running correctly\"\n      exit 2\n    fi\n  else\n    open \"$SRCROOT/../node_modules/react-native/scripts/launchPackager.command\" || echo \"Can't start packager automatically\"\n  fi\nfi\n";
			showEnvVarsInLog = 0;
		};
/* End PBXShellScriptBuildPhase section */

/* Begin PBXSourcesBuildPhase section */
		13B07F871A680F5B00A75B9A /* Sources */ = {
			isa = PBXSourcesBuildPhase;
			buildActionMask = 2147483647;
			files = (
				CB6CF4C82A414C9800A14CCD /* BrekekeLPCExtension.swift in Sources */,
				CB6CF4C62A414C9800A14CCD /* KeyCodable.swift in Sources */,
				CB6CF4C22A414C9800A14CCD /* Publisher+DropNil.swift in Sources */,
				CB6CF4B82A414C9800A14CCD /* BaseChannel.swift in Sources */,
				CB6CF4BC2A414C9800A14CCD /* Directory.swift in Sources */,
				CB6CF4C42A414C9800A14CCD /* Dictionary+Mutation.swift in Sources */,
				CB6CF4C02A414C9800A14CCD /* Routing.swift in Sources */,
				CB6CF48A2A414C2400A14CCD /* AppDelegate.swift in Sources */,
				CB6CF4B92A414C9800A14CCD /* TextMessage.swift in Sources */,
				CB6CF4892A414C2400A14CCD /* Bridging-Header.m in Sources */,
				CB6CF4C32A414C9800A14CCD /* Logger.swift in Sources */,
				CB6CF4BE2A414C9800A14CCD /* KeyCoder.swift in Sources */,
				CB6CF4B12A414C9800A14CCD /* SettingsManager.swift in Sources */,
				CB6CF4C52A414C9800A14CCD /* Publisher+Unfailable.swift in Sources */,
				CB6CF4B42A414C9800A14CCD /* NetworkSession.swift in Sources */,
				CB6CF4BF2A414C9800A14CCD /* User.swift in Sources */,
				CB6CF4BD2A414C9800A14CCD /* Routable.swift in Sources */,
				CB6CF4BB2A414C9800A14CCD /* Invite.swift in Sources */,
				CB6CF4B22A414C9800A14CCD /* HeartbeatCoordinator.swift in Sources */,
				CB6CF48B2A414C2400A14CCD /* BrekekeLPCManager.swift in Sources */,
				CB6CF4C72A414C9800A14CCD /* Decodable+JSON.swift in Sources */,
				CB6CF48D2A414C2400A14CCD /* BrekekeUtils.swift in Sources */,
				CB6CF4B32A414C9800A14CCD /* ConnectionOptions.swift in Sources */,
				CB6CF4B02A414C9800A14CCD /* Settings.swift in Sources */,
				CB6CF4C12A414C9800A14CCD /* CallAction.swift in Sources */,
				CB6CF4BA2A414C9800A14CCD /* Heartbeat.swift in Sources */,
				CB6CF4B52A414C9800A14CCD /* HeartbeatMonitor.swift in Sources */,
				CB6CF4B62A414C9800A14CCD /* RequestResponseSession.swift in Sources */,
				CB6CF4B72A414C9800A14CCD /* LengthPrefixedFramer.swift in Sources */,
			);
			runOnlyForDeploymentPostprocessing = 0;
		};
/* End PBXSourcesBuildPhase section */

/* Begin XCBuildConfiguration section */
		13B07F941A680F5B00A75B9A /* Debug */ = {
			isa = XCBuildConfiguration;
			baseConfigurationReference = 3B4392A12AC88292D35C810B /* Pods-BrekekePhone.debug.xcconfig */;
			buildSettings = {
				ASSETCATALOG_COMPILER_APPICON_NAME = AppIcon;
				CLANG_ENABLE_MODULES = YES;
				CODE_SIGN_ENTITLEMENTS = BrekekePhone/BrekekePhone.entitlements;
				CODE_SIGN_STYLE = Manual;
				CURRENT_PROJECT_VERSION = 1;
				DEVELOPMENT_TEAM = "";
				"DEVELOPMENT_TEAM[sdk=iphoneos*]" = 4XR752Y62T;
				ENABLE_BITCODE = NO;
				INFOPLIST_FILE = BrekekePhone/Info.plist;
				INFOPLIST_KEY_CFBundleDisplayName = "Brekeke phone";
				IPHONEOS_DEPLOYMENT_TARGET = 15.0;
				LD_RUNPATH_SEARCH_PATHS = (
					"$(inherited)",
					"@executable_path/Frameworks",
				);
				MARKETING_VERSION = 1.0;
				OTHER_LDFLAGS = (
					"$(inherited)",
					"-ObjC",
					"-lc++",
				);
				PRODUCT_BUNDLE_IDENTIFIER = com.brekeke.phonedev;
				PRODUCT_NAME = BrekekePhone;
				PROVISIONING_PROFILE_SPECIFIER = "";
				"PROVISIONING_PROFILE_SPECIFIER[sdk=iphoneos*]" = "phonedev-provisioning-profile";
				SWIFT_OBJC_BRIDGING_HEADER = "BrekekePhone-Bridging-Header.h";
				SWIFT_OPTIMIZATION_LEVEL = "-Onone";
				SWIFT_VERSION = 5.0;
				VERSIONING_SYSTEM = "apple-generic";
			};
			name = Debug;
		};
		13B07F951A680F5B00A75B9A /* Release */ = {
			isa = XCBuildConfiguration;
			baseConfigurationReference = 5709B34CF0A7D63546082F79 /* Pods-BrekekePhone.release.xcconfig */;
			buildSettings = {
				ASSETCATALOG_COMPILER_APPICON_NAME = AppIcon;
				CLANG_ENABLE_MODULES = YES;
				CODE_SIGN_ENTITLEMENTS = BrekekePhone/BrekekePhone.entitlements;
				CODE_SIGN_STYLE = Manual;
				CURRENT_PROJECT_VERSION = 1;
				DEVELOPMENT_TEAM = "";
				"DEVELOPMENT_TEAM[sdk=iphoneos*]" = 4XR752Y62T;
				INFOPLIST_FILE = BrekekePhone/Info.plist;
				INFOPLIST_KEY_CFBundleDisplayName = "Brekeke phone";
				IPHONEOS_DEPLOYMENT_TARGET = 15.0;
				LD_RUNPATH_SEARCH_PATHS = (
					"$(inherited)",
					"@executable_path/Frameworks",
				);
				MARKETING_VERSION = 1.0;
				OTHER_LDFLAGS = (
					"$(inherited)",
					"-ObjC",
					"-lc++",
				);
				PRODUCT_BUNDLE_IDENTIFIER = com.brekeke.phonedev;
				PRODUCT_NAME = BrekekePhone;
				PROVISIONING_PROFILE_SPECIFIER = "";
				"PROVISIONING_PROFILE_SPECIFIER[sdk=iphoneos*]" = "phonedev-provisioning-profile";
				SWIFT_OBJC_BRIDGING_HEADER = "BrekekePhone-Bridging-Header.h";
				SWIFT_VERSION = 5.0;
				VERSIONING_SYSTEM = "apple-generic";
			};
			name = Release;
		};
		83CBBA201A601CBA00E9B192 /* Debug */ = {
			isa = XCBuildConfiguration;
			buildSettings = {
				ALWAYS_SEARCH_USER_PATHS = NO;
				CLANG_ANALYZER_LOCALIZABILITY_NONLOCALIZED = YES;
				CLANG_CXX_LANGUAGE_STANDARD = "c++17";
				CLANG_CXX_LIBRARY = "libc++";
				CLANG_ENABLE_MODULES = YES;
				CLANG_ENABLE_OBJC_ARC = YES;
				CLANG_WARN_BLOCK_CAPTURE_AUTORELEASING = YES;
				CLANG_WARN_BOOL_CONVERSION = YES;
				CLANG_WARN_COMMA = YES;
				CLANG_WARN_CONSTANT_CONVERSION = YES;
				CLANG_WARN_DEPRECATED_OBJC_IMPLEMENTATIONS = YES;
				CLANG_WARN_DIRECT_OBJC_ISA_USAGE = YES_ERROR;
				CLANG_WARN_EMPTY_BODY = YES;
				CLANG_WARN_ENUM_CONVERSION = YES;
				CLANG_WARN_INFINITE_RECURSION = YES;
				CLANG_WARN_INT_CONVERSION = YES;
				CLANG_WARN_NON_LITERAL_NULL_CONVERSION = YES;
				CLANG_WARN_OBJC_IMPLICIT_RETAIN_SELF = YES;
				CLANG_WARN_OBJC_LITERAL_CONVERSION = YES;
				CLANG_WARN_OBJC_ROOT_CLASS = YES_ERROR;
				CLANG_WARN_QUOTED_INCLUDE_IN_FRAMEWORK_HEADER = YES;
				CLANG_WARN_RANGE_LOOP_ANALYSIS = YES;
				CLANG_WARN_STRICT_PROTOTYPES = YES;
				CLANG_WARN_SUSPICIOUS_MOVE = YES;
				CLANG_WARN_UNREACHABLE_CODE = YES;
				CLANG_WARN__DUPLICATE_METHOD_MATCH = YES;
				"CODE_SIGN_IDENTITY[sdk=iphoneos*]" = "iPhone Developer";
				COPY_PHASE_STRIP = NO;
				ENABLE_STRICT_OBJC_MSGSEND = YES;
				ENABLE_TESTABILITY = YES;
				"EXCLUDED_ARCHS[sdk=iphonesimulator*]" = i386;
				GCC_C_LANGUAGE_STANDARD = gnu99;
				GCC_DYNAMIC_NO_PIC = NO;
				GCC_NO_COMMON_BLOCKS = YES;
				GCC_OPTIMIZATION_LEVEL = 0;
				GCC_PREPROCESSOR_DEFINITIONS = (
					"DEBUG=1",
					"$(inherited)",
				);
				GCC_SYMBOLS_PRIVATE_EXTERN = NO;
				GCC_WARN_64_TO_32_BIT_CONVERSION = YES;
				GCC_WARN_ABOUT_RETURN_TYPE = YES_ERROR;
				GCC_WARN_UNDECLARED_SELECTOR = YES;
				GCC_WARN_UNINITIALIZED_AUTOS = YES_AGGRESSIVE;
				GCC_WARN_UNUSED_FUNCTION = YES;
				GCC_WARN_UNUSED_VARIABLE = YES;
				IPHONEOS_DEPLOYMENT_TARGET = 12.4;
				LD_RUNPATH_SEARCH_PATHS = (
					/usr/lib/swift,
					"$(inherited)",
				);
				LIBRARY_SEARCH_PATHS = (
					"\"$(SDKROOT)/usr/lib/swift\"",
					"\"$(TOOLCHAIN_DIR)/usr/lib/swift/$(PLATFORM_NAME)\"",
					"\"$(inherited)\"",
				);
				MTL_ENABLE_DEBUG_INFO = YES;
				ONLY_ACTIVE_ARCH = YES;
				OTHER_CPLUSPLUSFLAGS = (
					"$(OTHER_CFLAGS)",
					"-DFOLLY_NO_CONFIG",
					"-DFOLLY_MOBILE=1",
					"-DFOLLY_USE_LIBCPP=1",
				);
				REACT_NATIVE_PATH = "${PODS_ROOT}/../../node_modules/react-native";
				SDKROOT = iphoneos;
			};
			name = Debug;
		};
		83CBBA211A601CBA00E9B192 /* Release */ = {
			isa = XCBuildConfiguration;
			buildSettings = {
				ALWAYS_SEARCH_USER_PATHS = NO;
				CLANG_ANALYZER_LOCALIZABILITY_NONLOCALIZED = YES;
				CLANG_CXX_LANGUAGE_STANDARD = "c++17";
				CLANG_CXX_LIBRARY = "libc++";
				CLANG_ENABLE_MODULES = YES;
				CLANG_ENABLE_OBJC_ARC = YES;
				CLANG_WARN_BLOCK_CAPTURE_AUTORELEASING = YES;
				CLANG_WARN_BOOL_CONVERSION = YES;
				CLANG_WARN_COMMA = YES;
				CLANG_WARN_CONSTANT_CONVERSION = YES;
				CLANG_WARN_DEPRECATED_OBJC_IMPLEMENTATIONS = YES;
				CLANG_WARN_DIRECT_OBJC_ISA_USAGE = YES_ERROR;
				CLANG_WARN_EMPTY_BODY = YES;
				CLANG_WARN_ENUM_CONVERSION = YES;
				CLANG_WARN_INFINITE_RECURSION = YES;
				CLANG_WARN_INT_CONVERSION = YES;
				CLANG_WARN_NON_LITERAL_NULL_CONVERSION = YES;
				CLANG_WARN_OBJC_IMPLICIT_RETAIN_SELF = YES;
				CLANG_WARN_OBJC_LITERAL_CONVERSION = YES;
				CLANG_WARN_OBJC_ROOT_CLASS = YES_ERROR;
				CLANG_WARN_QUOTED_INCLUDE_IN_FRAMEWORK_HEADER = YES;
				CLANG_WARN_RANGE_LOOP_ANALYSIS = YES;
				CLANG_WARN_STRICT_PROTOTYPES = YES;
				CLANG_WARN_SUSPICIOUS_MOVE = YES;
				CLANG_WARN_UNREACHABLE_CODE = YES;
				CLANG_WARN__DUPLICATE_METHOD_MATCH = YES;
				"CODE_SIGN_IDENTITY[sdk=iphoneos*]" = "iPhone Developer";
				COPY_PHASE_STRIP = YES;
				ENABLE_NS_ASSERTIONS = NO;
				ENABLE_STRICT_OBJC_MSGSEND = YES;
				"EXCLUDED_ARCHS[sdk=iphonesimulator*]" = i386;
				GCC_C_LANGUAGE_STANDARD = gnu99;
				GCC_NO_COMMON_BLOCKS = YES;
				GCC_WARN_64_TO_32_BIT_CONVERSION = YES;
				GCC_WARN_ABOUT_RETURN_TYPE = YES_ERROR;
				GCC_WARN_UNDECLARED_SELECTOR = YES;
				GCC_WARN_UNINITIALIZED_AUTOS = YES_AGGRESSIVE;
				GCC_WARN_UNUSED_FUNCTION = YES;
				GCC_WARN_UNUSED_VARIABLE = YES;
				IPHONEOS_DEPLOYMENT_TARGET = 12.4;
				LD_RUNPATH_SEARCH_PATHS = (
					/usr/lib/swift,
					"$(inherited)",
				);
				LIBRARY_SEARCH_PATHS = (
					"\"$(SDKROOT)/usr/lib/swift\"",
					"\"$(TOOLCHAIN_DIR)/usr/lib/swift/$(PLATFORM_NAME)\"",
					"\"$(inherited)\"",
				);
				MTL_ENABLE_DEBUG_INFO = NO;
				OTHER_CPLUSPLUSFLAGS = (
					"$(OTHER_CFLAGS)",
					"-DFOLLY_NO_CONFIG",
					"-DFOLLY_MOBILE=1",
					"-DFOLLY_USE_LIBCPP=1",
				);
				REACT_NATIVE_PATH = "${PODS_ROOT}/../../node_modules/react-native";
				SDKROOT = iphoneos;
				VALIDATE_PRODUCT = YES;
			};
			name = Release;
		};
		9C972B9B28E1B34C00DD89B4 /* Debug */ = {
			isa = XCBuildConfiguration;
			buildSettings = {
				CLANG_ANALYZER_NONNULL = YES;
				CLANG_ANALYZER_NUMBER_OBJECT_CONVERSION = YES_AGGRESSIVE;
				CLANG_CXX_LANGUAGE_STANDARD = "gnu++17";
				CLANG_ENABLE_OBJC_WEAK = YES;
				CLANG_WARN_DOCUMENTATION_COMMENTS = YES;
				CLANG_WARN_UNGUARDED_AVAILABILITY = YES_AGGRESSIVE;
				CODE_SIGN_ENTITLEMENTS = BrekekeLPCExtension/BrekekeLPCExtension.entitlements;
				CODE_SIGN_IDENTITY = "iPhone Developer";
				CODE_SIGN_STYLE = Manual;
				CURRENT_PROJECT_VERSION = 1;
				DEBUG_INFORMATION_FORMAT = dwarf;
				DEVELOPMENT_TEAM = 4XR752Y62T;
				"DEVELOPMENT_TEAM[sdk=iphoneos*]" = 4XR752Y62T;
				EXCLUDED_ARCHS = "";
				"EXCLUDED_ARCHS[sdk=iphonesimulator*]" = "";
				GCC_C_LANGUAGE_STANDARD = gnu11;
				GENERATE_INFOPLIST_FILE = YES;
				INFOPLIST_FILE = BrekekeLPCExtension/Info.plist;
				INFOPLIST_KEY_CFBundleDisplayName = BrekekeLPCExtension;
				IPHONEOS_DEPLOYMENT_TARGET = 15.0;
				LD_RUNPATH_SEARCH_PATHS = "$(inherited) @executable_path/Frameworks @executable_path/../../Frameworks";
				LIBRARY_SEARCH_PATHS = "$(inherited)";
				MARKETING_VERSION = 2.12.0;
				MTL_ENABLE_DEBUG_INFO = INCLUDE_SOURCE;
				MTL_FAST_MATH = YES;
				PRODUCT_BUNDLE_IDENTIFIER = com.brekeke.phonedev.BrekekeLPCExtension;
				PRODUCT_NAME = "$(TARGET_NAME)";
				PROVISIONING_PROFILE_SPECIFIER = "BrekekeLPCExtension-provisioning-profile";
				"PROVISIONING_PROFILE_SPECIFIER[sdk=iphoneos*]" = BrekekeLPCExtension;
				SKIP_INSTALL = YES;
				SWIFT_ACTIVE_COMPILATION_CONDITIONS = DEBUG;
				SWIFT_EMIT_LOC_STRINGS = NO;
				SWIFT_OPTIMIZATION_LEVEL = "-Onone";
				SWIFT_VERSION = 5.0;
				TARGETED_DEVICE_FAMILY = "1,2";
			};
			name = Debug;
		};
		9C972B9C28E1B34C00DD89B4 /* Release */ = {
			isa = XCBuildConfiguration;
			buildSettings = {
				CLANG_ANALYZER_NONNULL = YES;
				CLANG_ANALYZER_NUMBER_OBJECT_CONVERSION = YES_AGGRESSIVE;
				CLANG_CXX_LANGUAGE_STANDARD = "gnu++17";
				CLANG_ENABLE_OBJC_WEAK = YES;
				CLANG_WARN_DOCUMENTATION_COMMENTS = YES;
				CLANG_WARN_UNGUARDED_AVAILABILITY = YES_AGGRESSIVE;
				CODE_SIGN_ENTITLEMENTS = BrekekeLPCExtension/BrekekeLPCExtension.entitlements;
				CODE_SIGN_IDENTITY = "iPhone Developer";
				CODE_SIGN_STYLE = Manual;
				COPY_PHASE_STRIP = NO;
				CURRENT_PROJECT_VERSION = 1;
				DEBUG_INFORMATION_FORMAT = "dwarf-with-dsym";
				DEVELOPMENT_TEAM = 4XR752Y62T;
				"DEVELOPMENT_TEAM[sdk=iphoneos*]" = 4XR752Y62T;
				EXCLUDED_ARCHS = "";
				"EXCLUDED_ARCHS[sdk=iphonesimulator*]" = "";
				GCC_C_LANGUAGE_STANDARD = gnu11;
				GENERATE_INFOPLIST_FILE = YES;
				INFOPLIST_FILE = BrekekeLPCExtension/Info.plist;
				INFOPLIST_KEY_CFBundleDisplayName = BrekekeLPCExtension;
				IPHONEOS_DEPLOYMENT_TARGET = 15.0;
				LD_RUNPATH_SEARCH_PATHS = "$(inherited) @executable_path/Frameworks @executable_path/../../Frameworks";
				LIBRARY_SEARCH_PATHS = "$(inherited)";
				MARKETING_VERSION = 2.12.0;
				MTL_FAST_MATH = YES;
				PRODUCT_BUNDLE_IDENTIFIER = com.brekeke.phonedev.BrekekeLPCExtension;
				PRODUCT_NAME = "$(TARGET_NAME)";
				PROVISIONING_PROFILE_SPECIFIER = "BrekekeLPCExtension-provisioning-profile";
				"PROVISIONING_PROFILE_SPECIFIER[sdk=iphoneos*]" = BrekekeLPCExtension;
				SKIP_INSTALL = YES;
				SWIFT_EMIT_LOC_STRINGS = NO;
				SWIFT_OPTIMIZATION_LEVEL = "-Owholemodule";
				SWIFT_VERSION = 5.0;
				TARGETED_DEVICE_FAMILY = "1,2";
			};
			name = Release;
		};
/* End XCBuildConfiguration section */

/* Begin XCConfigurationList section */
		13B07F931A680F5B00A75B9A /* Build configuration list for PBXNativeTarget "BrekekePhone" */ = {
			isa = XCConfigurationList;
			buildConfigurations = (
				13B07F941A680F5B00A75B9A /* Debug */,
				13B07F951A680F5B00A75B9A /* Release */,
			);
			defaultConfigurationIsVisible = 0;
			defaultConfigurationName = Release;
		};
		83CBB9FA1A601CBA00E9B192 /* Build configuration list for PBXProject "BrekekePhone" */ = {
			isa = XCConfigurationList;
			buildConfigurations = (
				83CBBA201A601CBA00E9B192 /* Debug */,
				83CBBA211A601CBA00E9B192 /* Release */,
			);
			defaultConfigurationIsVisible = 0;
			defaultConfigurationName = Release;
		};
/* End XCConfigurationList section */
	};
	rootObject = 83CBB9F71A601CBA00E9B192 /* Project object */;
}
