// !$*UTF8*$!
{
	archiveVersion = 1;
	classes = {
	};
	objectVersion = 46;
	objects = {

/* Begin PBXBuildFile section */
		13B07FBF1A68108700A75B9A /* Images.xcassets in Resources */ = {isa = PBXBuildFile; fileRef = 13B07FB51A68108700A75B9A /* Images.xcassets */; };
		81AB9BB82411601600AC10FF /* LaunchScreen.storyboard in Resources */ = {isa = PBXBuildFile; fileRef = 81AB9BB72411601600AC10FF /* LaunchScreen.storyboard */; };
		9B7F2B5E9818D914804557B8 /* libPods-BrekekePhone.a in Frameworks */ = {isa = PBXBuildFile; fileRef = F076CB1F741A58F4BB3C3A03 /* libPods-BrekekePhone.a */; };
		9C3747BB28E1935F00327869 /* NetworkExtension.framework in Frameworks */ = {isa = PBXBuildFile; fileRef = 9C3747BA28E1935F00327869 /* NetworkExtension.framework */; };
		9C4B210926FB8B71000FE077 /* libswiftDataDetection.tbd in Frameworks */ = {isa = PBXBuildFile; fileRef = 9C4B210826FB8B71000FE077 /* libswiftDataDetection.tbd */; };
		9C4B210B26FB8B85000FE077 /* libswiftFileProvider.tbd in Frameworks */ = {isa = PBXBuildFile; fileRef = 9C4B210A26FB8B85000FE077 /* libswiftFileProvider.tbd */; };
		9C92A07728E201AA00AF2311 /* Network.framework in Frameworks */ = {isa = PBXBuildFile; fileRef = 9C92A07628E201AA00AF2311 /* Network.framework */; };
		9C972B9F28E1B3A900DD89B4 /* BrekekeLPCProvider.swift in Sources */ = {isa = PBXBuildFile; fileRef = 9C972B9E28E1B3A900DD89B4 /* BrekekeLPCProvider.swift */; };
		9C972BB828E1B5BF00DD89B4 /* BrekekeLPCProvider.swift in Sources */ = {isa = PBXBuildFile; fileRef = 9C972B9E28E1B3A900DD89B4 /* BrekekeLPCProvider.swift */; };
		9C972BC528E1B72C00DD89B4 /* BrekekeLPC.framework in Frameworks */ = {isa = PBXBuildFile; fileRef = 9C972BBE28E1B6BF00DD89B4 /* BrekekeLPC.framework */; };
		9C972BC628E1B75000DD89B4 /* BrekekeLPC.framework in Embed Frameworks */ = {isa = PBXBuildFile; fileRef = 9C972BBE28E1B6BF00DD89B4 /* BrekekeLPC.framework */; settings = {ATTRIBUTES = (CodeSignOnCopy, RemoveHeadersOnCopy, ); }; };
		9CD3B8F325AE45B200D8A122 /* callkit.png in Resources */ = {isa = PBXBuildFile; fileRef = 9CD3B8F225AE45B200D8A122 /* callkit.png */; };
		9CE4DA042565F16E00512187 /* incallmanager_ringback.mp3 in Resources */ = {isa = PBXBuildFile; fileRef = 9CE4DA022565F16E00512187 /* incallmanager_ringback.mp3 */; };
		9CE4DA052565F16E00512187 /* incallmanager_ringtone.mp3 in Resources */ = {isa = PBXBuildFile; fileRef = 9CE4DA032565F16E00512187 /* incallmanager_ringtone.mp3 */; };
		9CF1917928E34BA20048E7A1 /* Bridging-Header.m in Sources */ = {isa = PBXBuildFile; fileRef = 9CF1917628E34BA20048E7A1 /* Bridging-Header.m */; };
		9CF1917A28E34BA20048E7A1 /* AppDelegate.swift in Sources */ = {isa = PBXBuildFile; fileRef = 9CF1917728E34BA20048E7A1 /* AppDelegate.swift */; };
		9CF1917B28E34BA20048E7A1 /* BrekekeUtils.swift in Sources */ = {isa = PBXBuildFile; fileRef = 9CF1917828E34BA20048E7A1 /* BrekekeUtils.swift */; };
		CB8766BA28E82BA4002261CB /* SimplePushApp.swift in Sources */ = {isa = PBXBuildFile; fileRef = CB8766B928E82BA4002261CB /* SimplePushApp.swift */; };
		CB8766C028E83920002261CB /* Assets.xcassets in Resources */ = {isa = PBXBuildFile; fileRef = CB8766BF28E83920002261CB /* Assets.xcassets */; };
		CB8766C528E83B18002261CB /* BrekekeLPC.framework in Frameworks */ = {isa = PBXBuildFile; fileRef = 9C972BBE28E1B6BF00DD89B4 /* BrekekeLPC.framework */; };
		CB8766C628E83B18002261CB /* BrekekeLPC.framework in Embed Frameworks */ = {isa = PBXBuildFile; fileRef = 9C972BBE28E1B6BF00DD89B4 /* BrekekeLPC.framework */; settings = {ATTRIBUTES = (CodeSignOnCopy, RemoveHeadersOnCopy, ); }; };
		CB8766DB28E8534E002261CB /* BrekekeLPC.framework in Frameworks */ = {isa = PBXBuildFile; fileRef = 9C972BBE28E1B6BF00DD89B4 /* BrekekeLPC.framework */; };
		CB8766E128E87C59002261CB /* BrekekeLPCProvider.appex in Embed Foundation Extensions */ = {isa = PBXBuildFile; fileRef = 9C972B8C28E1B34C00DD89B4 /* BrekekeLPCProvider.appex */; settings = {ATTRIBUTES = (RemoveHeadersOnCopy, ); }; };
		CB87671828E884FF002261CB /* SampleCode.xcconfig in Resources */ = {isa = PBXBuildFile; fileRef = CB87671728E884FE002261CB /* SampleCode.xcconfig */; };
		CB87675728E898B5002261CB /* Settings.swift in Sources */ = {isa = PBXBuildFile; fileRef = CB87675328E898B5002261CB /* Settings.swift */; };
		CB87675828E898B5002261CB /* SettingsManager.swift in Sources */ = {isa = PBXBuildFile; fileRef = CB87675428E898B5002261CB /* SettingsManager.swift */; };
		CB87675928E898B5002261CB /* BaseChannel.swift in Sources */ = {isa = PBXBuildFile; fileRef = CB87675628E898B5002261CB /* BaseChannel.swift */; };
		CB87675A28E89A06002261CB /* Settings.swift in Sources */ = {isa = PBXBuildFile; fileRef = CB87675328E898B5002261CB /* Settings.swift */; };
		CB87675B28E89A09002261CB /* SettingsManager.swift in Sources */ = {isa = PBXBuildFile; fileRef = CB87675428E898B5002261CB /* SettingsManager.swift */; };
		CB87675C28E89A0D002261CB /* BaseChannel.swift in Sources */ = {isa = PBXBuildFile; fileRef = CB87675628E898B5002261CB /* BaseChannel.swift */; };
		CB9A81B528E3F9C100A4E351 /* CellularProviderInfo.swift in Sources */ = {isa = PBXBuildFile; fileRef = CB9A819F28E3F9BF00A4E351 /* CellularProviderInfo.swift */; };
		CB9A81B628E3F9C100A4E351 /* ControlChannel.swift in Sources */ = {isa = PBXBuildFile; fileRef = CB9A81A128E3F9C000A4E351 /* ControlChannel.swift */; };
		CB9A81B728E3F9C100A4E351 /* UserViewModel.swift in Sources */ = {isa = PBXBuildFile; fileRef = CB9A81A328E3F9C000A4E351 /* UserViewModel.swift */; };
		CB9A81B828E3F9C100A4E351 /* SettingsView.swift in Sources */ = {isa = PBXBuildFile; fileRef = CB9A81A428E3F9C000A4E351 /* SettingsView.swift */; };
		CB9A81B928E3F9C100A4E351 /* SettingsViewModel.swift in Sources */ = {isa = PBXBuildFile; fileRef = CB9A81A528E3F9C000A4E351 /* SettingsViewModel.swift */; };
		CB9A81BA28E3F9C100A4E351 /* UserView.swift in Sources */ = {isa = PBXBuildFile; fileRef = CB9A81A628E3F9C000A4E351 /* UserView.swift */; };
		CB9A81BB28E3F9C100A4E351 /* AppManager.swift in Sources */ = {isa = PBXBuildFile; fileRef = CB9A81A728E3F9C000A4E351 /* AppManager.swift */; };
		CB9A81BC28E3F9C100A4E351 /* RootViewCoordinator.swift in Sources */ = {isa = PBXBuildFile; fileRef = CB9A81A828E3F9C000A4E351 /* RootViewCoordinator.swift */; };
		CB9A81BD28E3F9C100A4E351 /* Presenter.swift in Sources */ = {isa = PBXBuildFile; fileRef = CB9A81A928E3F9C000A4E351 /* Presenter.swift */; };
		CB9A81BE28E3F9C100A4E351 /* MessagingView.swift in Sources */ = {isa = PBXBuildFile; fileRef = CB9A81AA28E3F9C000A4E351 /* MessagingView.swift */; };
		CB9A81BF28E3F9C100A4E351 /* MessagingViewModel.swift in Sources */ = {isa = PBXBuildFile; fileRef = CB9A81AB28E3F9C000A4E351 /* MessagingViewModel.swift */; };
		CB9A81C028E3F9C100A4E351 /* MessageBubbleView.swift in Sources */ = {isa = PBXBuildFile; fileRef = CB9A81AC28E3F9C000A4E351 /* MessageBubbleView.swift */; };
		CB9A81C128E3F9C100A4E351 /* DirectoryViewModel.swift in Sources */ = {isa = PBXBuildFile; fileRef = CB9A81AD28E3F9C000A4E351 /* DirectoryViewModel.swift */; };
		CB9A81C228E3F9C100A4E351 /* DirectoryView.swift in Sources */ = {isa = PBXBuildFile; fileRef = CB9A81AE28E3F9C000A4E351 /* DirectoryView.swift */; };
		CB9A81C328E3F9C100A4E351 /* SettingsStyle.swift in Sources */ = {isa = PBXBuildFile; fileRef = CB9A81AF28E3F9C000A4E351 /* SettingsStyle.swift */; };
		CB9A81C428E3F9C100A4E351 /* CallManager.swift in Sources */ = {isa = PBXBuildFile; fileRef = CB9A81B128E3F9C100A4E351 /* CallManager.swift */; };
		CB9A81C528E3F9C100A4E351 /* UserManager.swift in Sources */ = {isa = PBXBuildFile; fileRef = CB9A81B228E3F9C100A4E351 /* UserManager.swift */; };
		CB9A81C628E3F9C100A4E351 /* PushConfigurationManager.swift in Sources */ = {isa = PBXBuildFile; fileRef = CB9A81B328E3F9C100A4E351 /* PushConfigurationManager.swift */; };
		CB9A81C728E3F9C100A4E351 /* MessagingManager.swift in Sources */ = {isa = PBXBuildFile; fileRef = CB9A81B428E3F9C100A4E351 /* MessagingManager.swift */; };
/* End PBXBuildFile section */

/* Begin PBXContainerItemProxy section */
		9C972BBD28E1B6BF00DD89B4 /* PBXContainerItemProxy */ = {
			isa = PBXContainerItemProxy;
			containerPortal = 9C972BB928E1B6BF00DD89B4 /* BrekekeLPC.xcodeproj */;
			proxyType = 2;
			remoteGlobalIDString = 48303A752436E269009577D9;
			remoteInfo = "BrekekeLPC-iOS";
		};
		CB8766D928E85054002261CB /* PBXContainerItemProxy */ = {
			isa = PBXContainerItemProxy;
			containerPortal = 9C972BB928E1B6BF00DD89B4 /* BrekekeLPC.xcodeproj */;
			proxyType = 1;
			remoteGlobalIDString = 48303A6C2436E269009577D9;
			remoteInfo = "BrekekeLPC-iOS";
		};
		CB8766E228E87C5A002261CB /* PBXContainerItemProxy */ = {
			isa = PBXContainerItemProxy;
			containerPortal = 83CBB9F71A601CBA00E9B192 /* Project object */;
			proxyType = 1;
			remoteGlobalIDString = 9C972B8B28E1B34C00DD89B4;
			remoteInfo = BrekekeLPCProvider;
		};
		CB87674F28E89899002261CB /* PBXContainerItemProxy */ = {
			isa = PBXContainerItemProxy;
			containerPortal = 9C972BB928E1B6BF00DD89B4 /* BrekekeLPC.xcodeproj */;
			proxyType = 2;
			remoteGlobalIDString = CB87674228E88A56002261CB;
			remoteInfo = "BrekekeLPC-MacOS";
		};
/* End PBXContainerItemProxy section */

/* Begin PBXCopyFilesBuildPhase section */
		9C972B5E28E1ACE300DD89B4 /* Embed Frameworks */ = {
			isa = PBXCopyFilesBuildPhase;
			buildActionMask = 2147483647;
			dstPath = "";
			dstSubfolderSpec = 10;
			files = (
				9C972BC628E1B75000DD89B4 /* BrekekeLPC.framework in Embed Frameworks */,
			);
			name = "Embed Frameworks";
			runOnlyForDeploymentPostprocessing = 0;
		};
		CB8766C728E83B18002261CB /* Embed Frameworks */ = {
			isa = PBXCopyFilesBuildPhase;
			buildActionMask = 2147483647;
			dstPath = "";
			dstSubfolderSpec = 10;
			files = (
				CB8766C628E83B18002261CB /* BrekekeLPC.framework in Embed Frameworks */,
			);
			name = "Embed Frameworks";
			runOnlyForDeploymentPostprocessing = 0;
		};
		CB8766E428E87C5A002261CB /* Embed Foundation Extensions */ = {
			isa = PBXCopyFilesBuildPhase;
			buildActionMask = 2147483647;
			dstPath = "";
			dstSubfolderSpec = 13;
			files = (
				CB8766E128E87C59002261CB /* BrekekeLPCProvider.appex in Embed Foundation Extensions */,
			);
			name = "Embed Foundation Extensions";
			runOnlyForDeploymentPostprocessing = 0;
		};
/* End PBXCopyFilesBuildPhase section */

/* Begin PBXFileReference section */
		008F07F21AC5B25A0029DE68 /* main.jsbundle */ = {isa = PBXFileReference; fileEncoding = 4; lastKnownFileType = text; path = main.jsbundle; sourceTree = "<group>"; };
		13B07F961A680F5B00A75B9A /* Brekeke Phone Dev.app */ = {isa = PBXFileReference; explicitFileType = wrapper.application; includeInIndex = 0; path = "Brekeke Phone Dev.app"; sourceTree = BUILT_PRODUCTS_DIR; };
		13B07FB51A68108700A75B9A /* Images.xcassets */ = {isa = PBXFileReference; lastKnownFileType = folder.assetcatalog; name = Images.xcassets; path = BrekekePhone/Images.xcassets; sourceTree = "<group>"; };
		13B07FB61A68108700A75B9A /* Info.plist */ = {isa = PBXFileReference; fileEncoding = 4; lastKnownFileType = text.plist.xml; name = Info.plist; path = BrekekePhone/Info.plist; sourceTree = "<group>"; };
		164381613BE1C60CB8E3DF44 /* Pods-BrekekePhone.debug.xcconfig */ = {isa = PBXFileReference; includeInIndex = 1; lastKnownFileType = text.xcconfig; name = "Pods-BrekekePhone.debug.xcconfig"; path = "Target Support Files/Pods-BrekekePhone/Pods-BrekekePhone.debug.xcconfig"; sourceTree = "<group>"; };
		1EF4B6F27DC95E67795C03E1 /* Pods-BrekekePhone.release.xcconfig */ = {isa = PBXFileReference; includeInIndex = 1; lastKnownFileType = text.xcconfig; name = "Pods-BrekekePhone.release.xcconfig"; path = "Target Support Files/Pods-BrekekePhone/Pods-BrekekePhone.release.xcconfig"; sourceTree = "<group>"; };
		81AB9BB72411601600AC10FF /* LaunchScreen.storyboard */ = {isa = PBXFileReference; fileEncoding = 4; lastKnownFileType = file.storyboard; name = LaunchScreen.storyboard; path = BrekekePhone/LaunchScreen.storyboard; sourceTree = "<group>"; };
		9C3747BA28E1935F00327869 /* NetworkExtension.framework */ = {isa = PBXFileReference; lastKnownFileType = wrapper.framework; name = NetworkExtension.framework; path = System/Library/Frameworks/NetworkExtension.framework; sourceTree = SDKROOT; };
		9C391D932550EEAD00E3924D /* BrekekePhone.entitlements */ = {isa = PBXFileReference; lastKnownFileType = text.plist.entitlements; name = BrekekePhone.entitlements; path = BrekekePhone/BrekekePhone.entitlements; sourceTree = "<group>"; };
		9C4B210826FB8B71000FE077 /* libswiftDataDetection.tbd */ = {isa = PBXFileReference; lastKnownFileType = "sourcecode.text-based-dylib-definition"; name = libswiftDataDetection.tbd; path = usr/lib/swift/libswiftDataDetection.tbd; sourceTree = SDKROOT; };
		9C4B210A26FB8B85000FE077 /* libswiftFileProvider.tbd */ = {isa = PBXFileReference; lastKnownFileType = "sourcecode.text-based-dylib-definition"; name = libswiftFileProvider.tbd; path = usr/lib/swift/libswiftFileProvider.tbd; sourceTree = SDKROOT; };
		9C92A07628E201AA00AF2311 /* Network.framework */ = {isa = PBXFileReference; lastKnownFileType = wrapper.framework; name = Network.framework; path = System/Library/Frameworks/Network.framework; sourceTree = SDKROOT; };
		9C972B8C28E1B34C00DD89B4 /* BrekekeLPCProvider.appex */ = {isa = PBXFileReference; explicitFileType = "wrapper.app-extension"; includeInIndex = 0; path = BrekekeLPCProvider.appex; sourceTree = BUILT_PRODUCTS_DIR; };
		9C972B9628E1B34C00DD89B4 /* Info.plist */ = {isa = PBXFileReference; lastKnownFileType = text.plist.xml; path = Info.plist; sourceTree = "<group>"; };
		9C972B9D28E1B3A900DD89B4 /* BrekekeLPCProvider.entitlements */ = {isa = PBXFileReference; fileEncoding = 4; lastKnownFileType = text.plist.entitlements; path = BrekekeLPCProvider.entitlements; sourceTree = "<group>"; };
		9C972B9E28E1B3A900DD89B4 /* BrekekeLPCProvider.swift */ = {isa = PBXFileReference; fileEncoding = 4; lastKnownFileType = sourcecode.swift; path = BrekekeLPCProvider.swift; sourceTree = "<group>"; };
		9C972BB928E1B6BF00DD89B4 /* BrekekeLPC.xcodeproj */ = {isa = PBXFileReference; lastKnownFileType = "wrapper.pb-project"; name = BrekekeLPC.xcodeproj; path = BrekekeLPC/BrekekeLPC.xcodeproj; sourceTree = "<group>"; };
		9CD3B8F225AE45B200D8A122 /* callkit.png */ = {isa = PBXFileReference; lastKnownFileType = image.png; name = callkit.png; path = BrekekePhone/callkit.png; sourceTree = "<group>"; };
		9CE4DA022565F16E00512187 /* incallmanager_ringback.mp3 */ = {isa = PBXFileReference; lastKnownFileType = audio.mp3; name = incallmanager_ringback.mp3; path = ../src/assets/incallmanager_ringback.mp3; sourceTree = "<group>"; };
		9CE4DA032565F16E00512187 /* incallmanager_ringtone.mp3 */ = {isa = PBXFileReference; lastKnownFileType = audio.mp3; name = incallmanager_ringtone.mp3; path = ../src/assets/incallmanager_ringtone.mp3; sourceTree = "<group>"; };
		9CF1917528E34BA20048E7A1 /* Bridging-Header.h */ = {isa = PBXFileReference; fileEncoding = 4; lastKnownFileType = sourcecode.c.h; name = "Bridging-Header.h"; path = "BrekekePhone/Bridging-Header.h"; sourceTree = "<group>"; };
		9CF1917628E34BA20048E7A1 /* Bridging-Header.m */ = {isa = PBXFileReference; fileEncoding = 4; lastKnownFileType = sourcecode.c.objc; name = "Bridging-Header.m"; path = "BrekekePhone/Bridging-Header.m"; sourceTree = "<group>"; };
		9CF1917728E34BA20048E7A1 /* AppDelegate.swift */ = {isa = PBXFileReference; fileEncoding = 4; lastKnownFileType = sourcecode.swift; name = AppDelegate.swift; path = BrekekePhone/AppDelegate.swift; sourceTree = "<group>"; };
		9CF1917828E34BA20048E7A1 /* BrekekeUtils.swift */ = {isa = PBXFileReference; fileEncoding = 4; lastKnownFileType = sourcecode.swift; name = BrekekeUtils.swift; path = BrekekePhone/BrekekeUtils.swift; sourceTree = "<group>"; };
		CB8766B928E82BA4002261CB /* SimplePushApp.swift */ = {isa = PBXFileReference; fileEncoding = 4; lastKnownFileType = sourcecode.swift; path = SimplePushApp.swift; sourceTree = "<group>"; };
		CB8766BF28E83920002261CB /* Assets.xcassets */ = {isa = PBXFileReference; lastKnownFileType = folder.assetcatalog; path = Assets.xcassets; sourceTree = "<group>"; };
		CB87671728E884FE002261CB /* SampleCode.xcconfig */ = {isa = PBXFileReference; fileEncoding = 4; lastKnownFileType = text.xcconfig; path = SampleCode.xcconfig; sourceTree = "<group>"; };
		CB87675328E898B5002261CB /* Settings.swift */ = {isa = PBXFileReference; fileEncoding = 4; lastKnownFileType = sourcecode.swift; path = Settings.swift; sourceTree = "<group>"; };
		CB87675428E898B5002261CB /* SettingsManager.swift */ = {isa = PBXFileReference; fileEncoding = 4; lastKnownFileType = sourcecode.swift; path = SettingsManager.swift; sourceTree = "<group>"; };
		CB87675628E898B5002261CB /* BaseChannel.swift */ = {isa = PBXFileReference; fileEncoding = 4; lastKnownFileType = sourcecode.swift; path = BaseChannel.swift; sourceTree = "<group>"; };
		CB9A819F28E3F9BF00A4E351 /* CellularProviderInfo.swift */ = {isa = PBXFileReference; fileEncoding = 4; lastKnownFileType = sourcecode.swift; path = CellularProviderInfo.swift; sourceTree = "<group>"; };
		CB9A81A128E3F9C000A4E351 /* ControlChannel.swift */ = {isa = PBXFileReference; fileEncoding = 4; lastKnownFileType = sourcecode.swift; path = ControlChannel.swift; sourceTree = "<group>"; };
		CB9A81A328E3F9C000A4E351 /* UserViewModel.swift */ = {isa = PBXFileReference; fileEncoding = 4; lastKnownFileType = sourcecode.swift; path = UserViewModel.swift; sourceTree = "<group>"; };
		CB9A81A428E3F9C000A4E351 /* SettingsView.swift */ = {isa = PBXFileReference; fileEncoding = 4; lastKnownFileType = sourcecode.swift; path = SettingsView.swift; sourceTree = "<group>"; };
		CB9A81A528E3F9C000A4E351 /* SettingsViewModel.swift */ = {isa = PBXFileReference; fileEncoding = 4; lastKnownFileType = sourcecode.swift; path = SettingsViewModel.swift; sourceTree = "<group>"; };
		CB9A81A628E3F9C000A4E351 /* UserView.swift */ = {isa = PBXFileReference; fileEncoding = 4; lastKnownFileType = sourcecode.swift; path = UserView.swift; sourceTree = "<group>"; };
		CB9A81A728E3F9C000A4E351 /* AppManager.swift */ = {isa = PBXFileReference; fileEncoding = 4; lastKnownFileType = sourcecode.swift; path = AppManager.swift; sourceTree = "<group>"; };
		CB9A81A828E3F9C000A4E351 /* RootViewCoordinator.swift */ = {isa = PBXFileReference; fileEncoding = 4; lastKnownFileType = sourcecode.swift; path = RootViewCoordinator.swift; sourceTree = "<group>"; };
		CB9A81A928E3F9C000A4E351 /* Presenter.swift */ = {isa = PBXFileReference; fileEncoding = 4; lastKnownFileType = sourcecode.swift; path = Presenter.swift; sourceTree = "<group>"; };
		CB9A81AA28E3F9C000A4E351 /* MessagingView.swift */ = {isa = PBXFileReference; fileEncoding = 4; lastKnownFileType = sourcecode.swift; path = MessagingView.swift; sourceTree = "<group>"; };
		CB9A81AB28E3F9C000A4E351 /* MessagingViewModel.swift */ = {isa = PBXFileReference; fileEncoding = 4; lastKnownFileType = sourcecode.swift; path = MessagingViewModel.swift; sourceTree = "<group>"; };
		CB9A81AC28E3F9C000A4E351 /* MessageBubbleView.swift */ = {isa = PBXFileReference; fileEncoding = 4; lastKnownFileType = sourcecode.swift; path = MessageBubbleView.swift; sourceTree = "<group>"; };
		CB9A81AD28E3F9C000A4E351 /* DirectoryViewModel.swift */ = {isa = PBXFileReference; fileEncoding = 4; lastKnownFileType = sourcecode.swift; path = DirectoryViewModel.swift; sourceTree = "<group>"; };
		CB9A81AE28E3F9C000A4E351 /* DirectoryView.swift */ = {isa = PBXFileReference; fileEncoding = 4; lastKnownFileType = sourcecode.swift; path = DirectoryView.swift; sourceTree = "<group>"; };
		CB9A81AF28E3F9C000A4E351 /* SettingsStyle.swift */ = {isa = PBXFileReference; fileEncoding = 4; lastKnownFileType = sourcecode.swift; path = SettingsStyle.swift; sourceTree = "<group>"; };
		CB9A81B128E3F9C100A4E351 /* CallManager.swift */ = {isa = PBXFileReference; fileEncoding = 4; lastKnownFileType = sourcecode.swift; path = CallManager.swift; sourceTree = "<group>"; };
		CB9A81B228E3F9C100A4E351 /* UserManager.swift */ = {isa = PBXFileReference; fileEncoding = 4; lastKnownFileType = sourcecode.swift; path = UserManager.swift; sourceTree = "<group>"; };
		CB9A81B328E3F9C100A4E351 /* PushConfigurationManager.swift */ = {isa = PBXFileReference; fileEncoding = 4; lastKnownFileType = sourcecode.swift; path = PushConfigurationManager.swift; sourceTree = "<group>"; };
		CB9A81B428E3F9C100A4E351 /* MessagingManager.swift */ = {isa = PBXFileReference; fileEncoding = 4; lastKnownFileType = sourcecode.swift; path = MessagingManager.swift; sourceTree = "<group>"; };
		ED297162215061F000B7C4FE /* JavaScriptCore.framework */ = {isa = PBXFileReference; lastKnownFileType = wrapper.framework; name = JavaScriptCore.framework; path = System/Library/Frameworks/JavaScriptCore.framework; sourceTree = SDKROOT; };
		F076CB1F741A58F4BB3C3A03 /* libPods-BrekekePhone.a */ = {isa = PBXFileReference; explicitFileType = archive.ar; includeInIndex = 0; path = "libPods-BrekekePhone.a"; sourceTree = BUILT_PRODUCTS_DIR; };
/* End PBXFileReference section */

/* Begin PBXFrameworksBuildPhase section */
		13B07F8C1A680F5B00A75B9A /* Frameworks */ = {
			isa = PBXFrameworksBuildPhase;
			buildActionMask = 2147483647;
			files = (
				9C4B210B26FB8B85000FE077 /* libswiftFileProvider.tbd in Frameworks */,
				9C4B210926FB8B71000FE077 /* libswiftDataDetection.tbd in Frameworks */,
				9B7F2B5E9818D914804557B8 /* libPods-BrekekePhone.a in Frameworks */,
				9C92A07728E201AA00AF2311 /* Network.framework in Frameworks */,
				9C3747BB28E1935F00327869 /* NetworkExtension.framework in Frameworks */,
				9C972BC528E1B72C00DD89B4 /* BrekekeLPC.framework in Frameworks */,
			);
			runOnlyForDeploymentPostprocessing = 0;
		};
		9C972B8928E1B34C00DD89B4 /* Frameworks */ = {
			isa = PBXFrameworksBuildPhase;
			buildActionMask = 2147483647;
			files = (
				CB8766DB28E8534E002261CB /* BrekekeLPC.framework in Frameworks */,
				CB8766C528E83B18002261CB /* BrekekeLPC.framework in Frameworks */,
			);
			runOnlyForDeploymentPostprocessing = 0;
		};
/* End PBXFrameworksBuildPhase section */

/* Begin PBXGroup section */
		13B07FAE1A68108700A75B9A /* BrekekePhone */ = {
			isa = PBXGroup;
			children = (
				CB9A81B028E3F9C100A4E351 /* Managers */,
				CB9A81A028E3F9C000A4E351 /* Networking */,
				CB9A81A228E3F9C000A4E351 /* UI */,
				CB9A819E28E3F9BF00A4E351 /* Utilities */,
				9CF1917528E34BA20048E7A1 /* Bridging-Header.h */,
				9CF1917628E34BA20048E7A1 /* Bridging-Header.m */,
				CB8766B928E82BA4002261CB /* SimplePushApp.swift */,
				9CF1917728E34BA20048E7A1 /* AppDelegate.swift */,
				9CF1917828E34BA20048E7A1 /* BrekekeUtils.swift */,
				9C391D932550EEAD00E3924D /* BrekekePhone.entitlements */,
				008F07F21AC5B25A0029DE68 /* main.jsbundle */,
				13B07FB51A68108700A75B9A /* Images.xcassets */,
				CB8766BF28E83920002261CB /* Assets.xcassets */,
				13B07FB61A68108700A75B9A /* Info.plist */,
				81AB9BB72411601600AC10FF /* LaunchScreen.storyboard */,
				9CD3B8F225AE45B200D8A122 /* callkit.png */,
				9CE4DA022565F16E00512187 /* incallmanager_ringback.mp3 */,
				9CE4DA032565F16E00512187 /* incallmanager_ringtone.mp3 */,
			);
			name = BrekekePhone;
			sourceTree = "<group>";
		};
		2D16E6871FA4F8E400B85C8A /* Frameworks */ = {
			isa = PBXGroup;
			children = (
				9C972BB928E1B6BF00DD89B4 /* BrekekeLPC.xcodeproj */,
				9C92A07628E201AA00AF2311 /* Network.framework */,
				9C3747BA28E1935F00327869 /* NetworkExtension.framework */,
				9C4B210A26FB8B85000FE077 /* libswiftFileProvider.tbd */,
				9C4B210826FB8B71000FE077 /* libswiftDataDetection.tbd */,
				ED297162215061F000B7C4FE /* JavaScriptCore.framework */,
				F076CB1F741A58F4BB3C3A03 /* libPods-BrekekePhone.a */,
			);
			name = Frameworks;
			sourceTree = "<group>";
		};
		79C57AF890EDEFC18471D005 /* Pods */ = {
			isa = PBXGroup;
			children = (
				164381613BE1C60CB8E3DF44 /* Pods-BrekekePhone.debug.xcconfig */,
				1EF4B6F27DC95E67795C03E1 /* Pods-BrekekePhone.release.xcconfig */,
			);
			path = Pods;
			sourceTree = "<group>";
		};
		83CBB9F61A601CBA00E9B192 = {
			isa = PBXGroup;
			children = (
				CB87675128E898B5002261CB /* Utils */,
				CB87671628E884FE002261CB /* Configuration */,
				13B07FAE1A68108700A75B9A /* BrekekePhone */,
				9C972B8F28E1B34C00DD89B4 /* BrekekeLPCProvider */,
				83CBBA001A601CBA00E9B192 /* Products */,
				2D16E6871FA4F8E400B85C8A /* Frameworks */,
				79C57AF890EDEFC18471D005 /* Pods */,
			);
			indentWidth = 2;
			sourceTree = "<group>";
			tabWidth = 2;
			usesTabs = 0;
		};
		83CBBA001A601CBA00E9B192 /* Products */ = {
			isa = PBXGroup;
			children = (
				13B07F961A680F5B00A75B9A /* Brekeke Phone Dev.app */,
				9C972B8C28E1B34C00DD89B4 /* BrekekeLPCProvider.appex */,
			);
			name = Products;
			sourceTree = "<group>";
		};
		9C972B8F28E1B34C00DD89B4 /* BrekekeLPCProvider */ = {
			isa = PBXGroup;
			children = (
				9C972B9D28E1B3A900DD89B4 /* BrekekeLPCProvider.entitlements */,
				9C972B9E28E1B3A900DD89B4 /* BrekekeLPCProvider.swift */,
				9C972B9628E1B34C00DD89B4 /* Info.plist */,
			);
			path = BrekekeLPCProvider;
			sourceTree = "<group>";
		};
		9C972BBA28E1B6BF00DD89B4 /* Products */ = {
			isa = PBXGroup;
			children = (
				9C972BBE28E1B6BF00DD89B4 /* BrekekeLPC.framework */,
				CB87675028E89899002261CB /* BrekekeLPC-MacOS.framework */,
			);
			name = Products;
			sourceTree = "<group>";
		};
		CB87671628E884FE002261CB /* Configuration */ = {
			isa = PBXGroup;
			children = (
				CB87671728E884FE002261CB /* SampleCode.xcconfig */,
			);
			path = Configuration;
			sourceTree = "<group>";
		};
		CB87675128E898B5002261CB /* Utils */ = {
			isa = PBXGroup;
			children = (
				CB87675228E898B5002261CB /* Settings */,
				CB87675528E898B5002261CB /* Networking */,
			);
			path = Utils;
			sourceTree = "<group>";
		};
		CB87675228E898B5002261CB /* Settings */ = {
			isa = PBXGroup;
			children = (
				CB87675328E898B5002261CB /* Settings.swift */,
				CB87675428E898B5002261CB /* SettingsManager.swift */,
			);
			path = Settings;
			sourceTree = "<group>";
		};
		CB87675528E898B5002261CB /* Networking */ = {
			isa = PBXGroup;
			children = (
				CB87675628E898B5002261CB /* BaseChannel.swift */,
			);
			path = Networking;
			sourceTree = "<group>";
		};
		CB9A819E28E3F9BF00A4E351 /* Utilities */ = {
			isa = PBXGroup;
			children = (
				CB9A819F28E3F9BF00A4E351 /* CellularProviderInfo.swift */,
			);
			path = Utilities;
			sourceTree = "<group>";
		};
		CB9A81A028E3F9C000A4E351 /* Networking */ = {
			isa = PBXGroup;
			children = (
				CB9A81A128E3F9C000A4E351 /* ControlChannel.swift */,
			);
			path = Networking;
			sourceTree = "<group>";
		};
		CB9A81A228E3F9C000A4E351 /* UI */ = {
			isa = PBXGroup;
			children = (
				CB9A81A328E3F9C000A4E351 /* UserViewModel.swift */,
				CB9A81A428E3F9C000A4E351 /* SettingsView.swift */,
				CB9A81A528E3F9C000A4E351 /* SettingsViewModel.swift */,
				CB9A81A628E3F9C000A4E351 /* UserView.swift */,
				CB9A81A728E3F9C000A4E351 /* AppManager.swift */,
				CB9A81A828E3F9C000A4E351 /* RootViewCoordinator.swift */,
				CB9A81A928E3F9C000A4E351 /* Presenter.swift */,
				CB9A81AA28E3F9C000A4E351 /* MessagingView.swift */,
				CB9A81AB28E3F9C000A4E351 /* MessagingViewModel.swift */,
				CB9A81AC28E3F9C000A4E351 /* MessageBubbleView.swift */,
				CB9A81AD28E3F9C000A4E351 /* DirectoryViewModel.swift */,
				CB9A81AE28E3F9C000A4E351 /* DirectoryView.swift */,
				CB9A81AF28E3F9C000A4E351 /* SettingsStyle.swift */,
			);
			path = UI;
			sourceTree = "<group>";
		};
		CB9A81B028E3F9C100A4E351 /* Managers */ = {
			isa = PBXGroup;
			children = (
				CB9A81B128E3F9C100A4E351 /* CallManager.swift */,
				CB9A81B228E3F9C100A4E351 /* UserManager.swift */,
				CB9A81B328E3F9C100A4E351 /* PushConfigurationManager.swift */,
				CB9A81B428E3F9C100A4E351 /* MessagingManager.swift */,
			);
			path = Managers;
			sourceTree = "<group>";
		};
/* End PBXGroup section */

/* Begin PBXNativeTarget section */
		13B07F861A680F5B00A75B9A /* BrekekePhone */ = {
			isa = PBXNativeTarget;
			buildConfigurationList = 13B07F931A680F5B00A75B9A /* Build configuration list for PBXNativeTarget "BrekekePhone" */;
			buildPhases = (
				7EAD0701B607B27E552D5688 /* [CP] Check Pods Manifest.lock */,
				13B07F871A680F5B00A75B9A /* Sources */,
				13B07F8C1A680F5B00A75B9A /* Frameworks */,
				13B07F8E1A680F5B00A75B9A /* Resources */,
				00DD1BFF1BD5951E006B06BC /* Bundle React Native code and images */,
				386206F8C0258BEA0AF03683 /* [CP] Copy Pods Resources */,
				EACFD818B078D98618E3DB5F /* [CP] Embed Pods Frameworks */,
				9C972B5E28E1ACE300DD89B4 /* Embed Frameworks */,
				CB8766E428E87C5A002261CB /* Embed Foundation Extensions */,
			);
			buildRules = (
			);
			dependencies = (
				CB8766DA28E85054002261CB /* PBXTargetDependency */,
				CB8766E328E87C5A002261CB /* PBXTargetDependency */,
			);
			name = BrekekePhone;
			productName = "Brekeke Phone Dev";
			productReference = 13B07F961A680F5B00A75B9A /* Brekeke Phone Dev.app */;
			productType = "com.apple.product-type.application";
		};
		9C972B8B28E1B34C00DD89B4 /* BrekekeLPCProvider */ = {
			isa = PBXNativeTarget;
			buildConfigurationList = 9C972B9A28E1B34C00DD89B4 /* Build configuration list for PBXNativeTarget "BrekekeLPCProvider" */;
			buildPhases = (
				9C972B8828E1B34C00DD89B4 /* Sources */,
				9C972B8928E1B34C00DD89B4 /* Frameworks */,
				9C972B8A28E1B34C00DD89B4 /* Resources */,
				CB8766C728E83B18002261CB /* Embed Frameworks */,
			);
			buildRules = (
			);
			dependencies = (
			);
			name = BrekekeLPCProvider;
			productName = BrekekeLPCProvider;
			productReference = 9C972B8C28E1B34C00DD89B4 /* BrekekeLPCProvider.appex */;
			productType = "com.apple.product-type.app-extension";
		};
/* End PBXNativeTarget section */

/* Begin PBXProject section */
		83CBB9F71A601CBA00E9B192 /* Project object */ = {
			isa = PBXProject;
			attributes = {
				LastSwiftUpdateCheck = 1320;
				LastUpgradeCheck = 1250;
				TargetAttributes = {
					13B07F861A680F5B00A75B9A = {
						DevelopmentTeam = 4XR752Y62T;
						LastSwiftMigration = 1120;
						ProvisioningStyle = Manual;
					};
					9C972B8B28E1B34C00DD89B4 = {
						CreatedOnToolsVersion = 13.2.1;
						DevelopmentTeam = 4XR752Y62T;
						ProvisioningStyle = Manual;
					};
				};
			};
			buildConfigurationList = 83CBB9FA1A601CBA00E9B192 /* Build configuration list for PBXProject "BrekekePhone" */;
			compatibilityVersion = "Xcode 3.2";
			developmentRegion = en;
			hasScannedForEncodings = 0;
			knownRegions = (
				en,
				Base,
			);
			mainGroup = 83CBB9F61A601CBA00E9B192;
			productRefGroup = 83CBBA001A601CBA00E9B192 /* Products */;
			projectDirPath = "";
			projectReferences = (
				{
					ProductGroup = 9C972BBA28E1B6BF00DD89B4 /* Products */;
					ProjectRef = 9C972BB928E1B6BF00DD89B4 /* BrekekeLPC.xcodeproj */;
				},
			);
			projectRoot = "";
			targets = (
				13B07F861A680F5B00A75B9A /* BrekekePhone */,
				9C972B8B28E1B34C00DD89B4 /* BrekekeLPCProvider */,
			);
		};
/* End PBXProject section */

/* Begin PBXReferenceProxy section */
		9C972BBE28E1B6BF00DD89B4 /* BrekekeLPC.framework */ = {
			isa = PBXReferenceProxy;
			fileType = wrapper.framework;
			path = BrekekeLPC.framework;
			remoteRef = 9C972BBD28E1B6BF00DD89B4 /* PBXContainerItemProxy */;
			sourceTree = BUILT_PRODUCTS_DIR;
		};
		CB87675028E89899002261CB /* BrekekeLPC-MacOS.framework */ = {
			isa = PBXReferenceProxy;
			fileType = wrapper.framework;
			path = "BrekekeLPC-MacOS.framework";
			remoteRef = CB87674F28E89899002261CB /* PBXContainerItemProxy */;
			sourceTree = BUILT_PRODUCTS_DIR;
		};
/* End PBXReferenceProxy section */

/* Begin PBXResourcesBuildPhase section */
		13B07F8E1A680F5B00A75B9A /* Resources */ = {
			isa = PBXResourcesBuildPhase;
			buildActionMask = 2147483647;
			files = (
				9CD3B8F325AE45B200D8A122 /* callkit.png in Resources */,
				81AB9BB82411601600AC10FF /* LaunchScreen.storyboard in Resources */,
				13B07FBF1A68108700A75B9A /* Images.xcassets in Resources */,
				CB87671828E884FF002261CB /* SampleCode.xcconfig in Resources */,
				9CE4DA042565F16E00512187 /* incallmanager_ringback.mp3 in Resources */,
				CB8766C028E83920002261CB /* Assets.xcassets in Resources */,
				9CE4DA052565F16E00512187 /* incallmanager_ringtone.mp3 in Resources */,
			);
			runOnlyForDeploymentPostprocessing = 0;
		};
		9C972B8A28E1B34C00DD89B4 /* Resources */ = {
			isa = PBXResourcesBuildPhase;
			buildActionMask = 2147483647;
			files = (
			);
			runOnlyForDeploymentPostprocessing = 0;
		};
/* End PBXResourcesBuildPhase section */

/* Begin PBXShellScriptBuildPhase section */
		00DD1BFF1BD5951E006B06BC /* Bundle React Native code and images */ = {
			isa = PBXShellScriptBuildPhase;
			buildActionMask = 2147483647;
			files = (
			);
			inputPaths = (
			);
			name = "Bundle React Native code and images";
			outputPaths = (
			);
			runOnlyForDeploymentPostprocessing = 0;
			shellPath = /bin/sh;
			shellScript = "export NODE_BINARY=node\n../node_modules/react-native/scripts/react-native-xcode.sh\n";
		};
		386206F8C0258BEA0AF03683 /* [CP] Copy Pods Resources */ = {
			isa = PBXShellScriptBuildPhase;
			buildActionMask = 2147483647;
			files = (
			);
			inputPaths = (
				"${PODS_ROOT}/Target Support Files/Pods-BrekekePhone/Pods-BrekekePhone-resources.sh",
				"${PODS_CONFIGURATION_BUILD_DIR}/React-Core/AccessibilityResources.bundle",
			);
			name = "[CP] Copy Pods Resources";
			outputPaths = (
				"${TARGET_BUILD_DIR}/${UNLOCALIZED_RESOURCES_FOLDER_PATH}/AccessibilityResources.bundle",
			);
			runOnlyForDeploymentPostprocessing = 0;
			shellPath = /bin/sh;
			shellScript = "\"${PODS_ROOT}/Target Support Files/Pods-BrekekePhone/Pods-BrekekePhone-resources.sh\"\n";
			showEnvVarsInLog = 0;
		};
		7EAD0701B607B27E552D5688 /* [CP] Check Pods Manifest.lock */ = {
			isa = PBXShellScriptBuildPhase;
			buildActionMask = 2147483647;
			files = (
			);
			inputFileListPaths = (
			);
			inputPaths = (
				"${PODS_PODFILE_DIR_PATH}/Podfile.lock",
				"${PODS_ROOT}/Manifest.lock",
			);
			name = "[CP] Check Pods Manifest.lock";
			outputFileListPaths = (
			);
			outputPaths = (
				"$(DERIVED_FILE_DIR)/Pods-BrekekePhone-checkManifestLockResult.txt",
			);
			runOnlyForDeploymentPostprocessing = 0;
			shellPath = /bin/sh;
			shellScript = "diff \"${PODS_PODFILE_DIR_PATH}/Podfile.lock\" \"${PODS_ROOT}/Manifest.lock\" > /dev/null\nif [ $? != 0 ] ; then\n    # print error to STDERR\n    echo \"error: The sandbox is not in sync with the Podfile.lock. Run 'pod install' or update your CocoaPods installation.\" >&2\n    exit 1\nfi\n# This output is used by Xcode 'outputs' to avoid re-running this script phase.\necho \"SUCCESS\" > \"${SCRIPT_OUTPUT_FILE_0}\"\n";
			showEnvVarsInLog = 0;
		};
		EACFD818B078D98618E3DB5F /* [CP] Embed Pods Frameworks */ = {
			isa = PBXShellScriptBuildPhase;
			buildActionMask = 2147483647;
			files = (
			);
			inputPaths = (
				"${PODS_ROOT}/Target Support Files/Pods-BrekekePhone/Pods-BrekekePhone-frameworks.sh",
				"${PODS_ROOT}/../../node_modules/react-native-webrtc/ios/WebRTC.framework",
				"${PODS_XCFRAMEWORKS_BUILD_DIR}/Flipper-DoubleConversion/double-conversion.framework/double-conversion",
				"${PODS_XCFRAMEWORKS_BUILD_DIR}/OpenSSL-Universal/OpenSSL.framework/OpenSSL",
			);
			name = "[CP] Embed Pods Frameworks";
			outputPaths = (
				"${TARGET_BUILD_DIR}/${FRAMEWORKS_FOLDER_PATH}/WebRTC.framework",
				"${TARGET_BUILD_DIR}/${FRAMEWORKS_FOLDER_PATH}/double-conversion.framework",
				"${TARGET_BUILD_DIR}/${FRAMEWORKS_FOLDER_PATH}/OpenSSL.framework",
			);
			runOnlyForDeploymentPostprocessing = 0;
			shellPath = /bin/sh;
			shellScript = "\"${PODS_ROOT}/Target Support Files/Pods-BrekekePhone/Pods-BrekekePhone-frameworks.sh\"\n";
			showEnvVarsInLog = 0;
		};
/* End PBXShellScriptBuildPhase section */

/* Begin PBXSourcesBuildPhase section */
		13B07F871A680F5B00A75B9A /* Sources */ = {
			isa = PBXSourcesBuildPhase;
			buildActionMask = 2147483647;
			files = (
				CB9A81B528E3F9C100A4E351 /* CellularProviderInfo.swift in Sources */,
				CB9A81B628E3F9C100A4E351 /* ControlChannel.swift in Sources */,
				CB9A81C628E3F9C100A4E351 /* PushConfigurationManager.swift in Sources */,
				CB9A81C328E3F9C100A4E351 /* SettingsStyle.swift in Sources */,
				CB87675928E898B5002261CB /* BaseChannel.swift in Sources */,
				CB9A81BD28E3F9C100A4E351 /* Presenter.swift in Sources */,
				CB9A81C428E3F9C100A4E351 /* CallManager.swift in Sources */,
				9CF1917A28E34BA20048E7A1 /* AppDelegate.swift in Sources */,
				CB9A81C528E3F9C100A4E351 /* UserManager.swift in Sources */,
				CB9A81C028E3F9C100A4E351 /* MessageBubbleView.swift in Sources */,
				CB87675728E898B5002261CB /* Settings.swift in Sources */,
				CB9A81B728E3F9C100A4E351 /* UserViewModel.swift in Sources */,
				CB9A81C228E3F9C100A4E351 /* DirectoryView.swift in Sources */,
				9CF1917928E34BA20048E7A1 /* Bridging-Header.m in Sources */,
				CB9A81C128E3F9C100A4E351 /* DirectoryViewModel.swift in Sources */,
				CB87675828E898B5002261CB /* SettingsManager.swift in Sources */,
				9CF1917B28E34BA20048E7A1 /* BrekekeUtils.swift in Sources */,
				CB9A81BB28E3F9C100A4E351 /* AppManager.swift in Sources */,
				CB9A81C728E3F9C100A4E351 /* MessagingManager.swift in Sources */,
				CB9A81BF28E3F9C100A4E351 /* MessagingViewModel.swift in Sources */,
				9C972BB828E1B5BF00DD89B4 /* BrekekeLPCProvider.swift in Sources */,
				CB9A81BA28E3F9C100A4E351 /* UserView.swift in Sources */,
				CB9A81BE28E3F9C100A4E351 /* MessagingView.swift in Sources */,
				CB9A81B828E3F9C100A4E351 /* SettingsView.swift in Sources */,
				CB9A81BC28E3F9C100A4E351 /* RootViewCoordinator.swift in Sources */,
				CB9A81B928E3F9C100A4E351 /* SettingsViewModel.swift in Sources */,
				CB8766BA28E82BA4002261CB /* SimplePushApp.swift in Sources */,
			);
			runOnlyForDeploymentPostprocessing = 0;
		};
		9C972B8828E1B34C00DD89B4 /* Sources */ = {
			isa = PBXSourcesBuildPhase;
			buildActionMask = 2147483647;
			files = (
				CB87675C28E89A0D002261CB /* BaseChannel.swift in Sources */,
				CB87675A28E89A06002261CB /* Settings.swift in Sources */,
				9C972B9F28E1B3A900DD89B4 /* BrekekeLPCProvider.swift in Sources */,
				CB87675B28E89A09002261CB /* SettingsManager.swift in Sources */,
			);
			runOnlyForDeploymentPostprocessing = 0;
		};
/* End PBXSourcesBuildPhase section */

/* Begin PBXTargetDependency section */
		CB8766DA28E85054002261CB /* PBXTargetDependency */ = {
			isa = PBXTargetDependency;
			name = "BrekekeLPC-iOS";
			targetProxy = CB8766D928E85054002261CB /* PBXContainerItemProxy */;
		};
		CB8766E328E87C5A002261CB /* PBXTargetDependency */ = {
			isa = PBXTargetDependency;
			target = 9C972B8B28E1B34C00DD89B4 /* BrekekeLPCProvider */;
			targetProxy = CB8766E228E87C5A002261CB /* PBXContainerItemProxy */;
		};
/* End PBXTargetDependency section */

/* Begin XCBuildConfiguration section */
		13B07F941A680F5B00A75B9A /* Debug */ = {
			isa = XCBuildConfiguration;
			baseConfigurationReference = 164381613BE1C60CB8E3DF44 /* Pods-BrekekePhone.debug.xcconfig */;
			buildSettings = {
				ALWAYS_EMBED_SWIFT_STANDARD_LIBRARIES = YES;
				ASSETCATALOG_COMPILER_APPICON_NAME = AppIcon;
				CLANG_ENABLE_MODULES = YES;
				CODE_SIGN_ENTITLEMENTS = BrekekePhone/BrekekePhone.entitlements;
				CODE_SIGN_STYLE = Manual;
				CURRENT_PROJECT_VERSION = 1;
				DEVELOPMENT_TEAM = 4XR752Y62T;
				ENABLE_BITCODE = NO;
				INFOPLIST_FILE = BrekekePhone/Info.plist;
				INFOPLIST_KEY_CFBundleDisplayName = "Brekeke phone";
				IPHONEOS_DEPLOYMENT_TARGET = 15.0;
				LD_RUNPATH_SEARCH_PATHS = "$(inherited) @executable_path/Frameworks";
				LIBRARY_SEARCH_PATHS = "$(inherited)";
				MARKETING_VERSION = 1.0;
				OTHER_LDFLAGS = (
					"$(inherited)",
					"-ObjC",
					"-lc++",
				);
				PRODUCT_BUNDLE_IDENTIFIER = com.brekeke.phonedev;
				PRODUCT_NAME = "Brekeke Phone Dev";
				PROVISIONING_PROFILE_SPECIFIER = "LPC com.brekeke.phonedev";
				SWIFT_OBJC_BRIDGING_HEADER = "BrekekePhone/Bridging-Header.h";
				SWIFT_OPTIMIZATION_LEVEL = "-Onone";
				SWIFT_VERSION = 5.0;
				TARGETED_DEVICE_FAMILY = "1,2";
				VERSIONING_SYSTEM = "apple-generic";
			};
			name = Debug;
		};
		13B07F951A680F5B00A75B9A /* Release */ = {
			isa = XCBuildConfiguration;
			baseConfigurationReference = 1EF4B6F27DC95E67795C03E1 /* Pods-BrekekePhone.release.xcconfig */;
			buildSettings = {
				ALWAYS_EMBED_SWIFT_STANDARD_LIBRARIES = YES;
				ASSETCATALOG_COMPILER_APPICON_NAME = AppIcon;
				CLANG_ENABLE_MODULES = YES;
				CODE_SIGN_ENTITLEMENTS = BrekekePhone/BrekekePhone.entitlements;
				CODE_SIGN_STYLE = Manual;
				CURRENT_PROJECT_VERSION = 1;
				DEVELOPMENT_TEAM = 4XR752Y62T;
				ENABLE_BITCODE = NO;
				INFOPLIST_FILE = BrekekePhone/Info.plist;
				INFOPLIST_KEY_CFBundleDisplayName = "Brekeke phone";
				IPHONEOS_DEPLOYMENT_TARGET = 15.0;
				LD_RUNPATH_SEARCH_PATHS = "$(inherited) @executable_path/Frameworks";
				LIBRARY_SEARCH_PATHS = "$(inherited)";
				MARKETING_VERSION = 1.0;
				OTHER_LDFLAGS = (
					"$(inherited)",
					"-ObjC",
					"-lc++",
				);
				PRODUCT_BUNDLE_IDENTIFIER = com.brekeke.phonedev;
				PRODUCT_NAME = "Brekeke Phone Dev";
				PROVISIONING_PROFILE_SPECIFIER = "LPC com.brekeke.phonedev";
				SWIFT_OBJC_BRIDGING_HEADER = "BrekekePhone/Bridging-Header.h";
				SWIFT_VERSION = 5.0;
				TARGETED_DEVICE_FAMILY = "1,2";
				VERSIONING_SYSTEM = "apple-generic";
			};
			name = Release;
		};
		83CBBA201A601CBA00E9B192 /* Debug */ = {
			isa = XCBuildConfiguration;
			buildSettings = {
				ALWAYS_SEARCH_USER_PATHS = NO;
				CLANG_ANALYZER_LOCALIZABILITY_NONLOCALIZED = YES;
				CLANG_CXX_LANGUAGE_STANDARD = "gnu++0x";
				CLANG_CXX_LIBRARY = "libc++";
				CLANG_ENABLE_MODULES = YES;
				CLANG_ENABLE_OBJC_ARC = YES;
				CLANG_WARN_BLOCK_CAPTURE_AUTORELEASING = YES;
				CLANG_WARN_BOOL_CONVERSION = YES;
				CLANG_WARN_COMMA = YES;
				CLANG_WARN_CONSTANT_CONVERSION = YES;
				CLANG_WARN_DEPRECATED_OBJC_IMPLEMENTATIONS = YES;
				CLANG_WARN_DIRECT_OBJC_ISA_USAGE = YES_ERROR;
				CLANG_WARN_EMPTY_BODY = YES;
				CLANG_WARN_ENUM_CONVERSION = YES;
				CLANG_WARN_INFINITE_RECURSION = YES;
				CLANG_WARN_INT_CONVERSION = YES;
				CLANG_WARN_NON_LITERAL_NULL_CONVERSION = YES;
				CLANG_WARN_OBJC_IMPLICIT_RETAIN_SELF = YES;
				CLANG_WARN_OBJC_LITERAL_CONVERSION = YES;
				CLANG_WARN_OBJC_ROOT_CLASS = YES_ERROR;
				CLANG_WARN_QUOTED_INCLUDE_IN_FRAMEWORK_HEADER = YES;
				CLANG_WARN_RANGE_LOOP_ANALYSIS = YES;
				CLANG_WARN_STRICT_PROTOTYPES = YES;
				CLANG_WARN_SUSPICIOUS_MOVE = YES;
				CLANG_WARN_UNREACHABLE_CODE = YES;
				CLANG_WARN__DUPLICATE_METHOD_MATCH = YES;
				"CODE_SIGN_IDENTITY[sdk=iphoneos*]" = "iPhone Developer";
				COPY_PHASE_STRIP = NO;
				ENABLE_STRICT_OBJC_MSGSEND = YES;
				ENABLE_TESTABILITY = YES;
				"EXCLUDED_ARCHS[sdk=iphonesimulator*]" = "arm64 ";
				GCC_C_LANGUAGE_STANDARD = gnu99;
				GCC_DYNAMIC_NO_PIC = NO;
				GCC_NO_COMMON_BLOCKS = YES;
				GCC_OPTIMIZATION_LEVEL = 0;
				GCC_PREPROCESSOR_DEFINITIONS = (
					"DEBUG=1",
					"$(inherited)",
				);
				GCC_SYMBOLS_PRIVATE_EXTERN = NO;
				GCC_WARN_64_TO_32_BIT_CONVERSION = YES;
				GCC_WARN_ABOUT_RETURN_TYPE = YES_ERROR;
				GCC_WARN_UNDECLARED_SELECTOR = YES;
				GCC_WARN_UNINITIALIZED_AUTOS = YES_AGGRESSIVE;
				GCC_WARN_UNUSED_FUNCTION = YES;
				GCC_WARN_UNUSED_VARIABLE = YES;
				IPHONEOS_DEPLOYMENT_TARGET = 14.0;
				LD_RUNPATH_SEARCH_PATHS = "$(inherited) @executable_path/Frameworks";
				LIBRARY_SEARCH_PATHS = "$(inherited)";
				MTL_ENABLE_DEBUG_INFO = YES;
				ONLY_ACTIVE_ARCH = YES;
				SDKROOT = iphoneos;
			};
			name = Debug;
		};
		83CBBA211A601CBA00E9B192 /* Release */ = {
			isa = XCBuildConfiguration;
			buildSettings = {
				ALWAYS_SEARCH_USER_PATHS = NO;
				CLANG_ANALYZER_LOCALIZABILITY_NONLOCALIZED = YES;
				CLANG_CXX_LANGUAGE_STANDARD = "gnu++0x";
				CLANG_CXX_LIBRARY = "libc++";
				CLANG_ENABLE_MODULES = YES;
				CLANG_ENABLE_OBJC_ARC = YES;
				CLANG_WARN_BLOCK_CAPTURE_AUTORELEASING = YES;
				CLANG_WARN_BOOL_CONVERSION = YES;
				CLANG_WARN_COMMA = YES;
				CLANG_WARN_CONSTANT_CONVERSION = YES;
				CLANG_WARN_DEPRECATED_OBJC_IMPLEMENTATIONS = YES;
				CLANG_WARN_DIRECT_OBJC_ISA_USAGE = YES_ERROR;
				CLANG_WARN_EMPTY_BODY = YES;
				CLANG_WARN_ENUM_CONVERSION = YES;
				CLANG_WARN_INFINITE_RECURSION = YES;
				CLANG_WARN_INT_CONVERSION = YES;
				CLANG_WARN_NON_LITERAL_NULL_CONVERSION = YES;
				CLANG_WARN_OBJC_IMPLICIT_RETAIN_SELF = YES;
				CLANG_WARN_OBJC_LITERAL_CONVERSION = YES;
				CLANG_WARN_OBJC_ROOT_CLASS = YES_ERROR;
				CLANG_WARN_QUOTED_INCLUDE_IN_FRAMEWORK_HEADER = YES;
				CLANG_WARN_RANGE_LOOP_ANALYSIS = YES;
				CLANG_WARN_STRICT_PROTOTYPES = YES;
				CLANG_WARN_SUSPICIOUS_MOVE = YES;
				CLANG_WARN_UNREACHABLE_CODE = YES;
				CLANG_WARN__DUPLICATE_METHOD_MATCH = YES;
				"CODE_SIGN_IDENTITY[sdk=iphoneos*]" = "iPhone Developer";
				COPY_PHASE_STRIP = YES;
				ENABLE_NS_ASSERTIONS = NO;
				ENABLE_STRICT_OBJC_MSGSEND = YES;
				"EXCLUDED_ARCHS[sdk=iphonesimulator*]" = "arm64 ";
				GCC_C_LANGUAGE_STANDARD = gnu99;
				GCC_NO_COMMON_BLOCKS = YES;
				GCC_WARN_64_TO_32_BIT_CONVERSION = YES;
				GCC_WARN_ABOUT_RETURN_TYPE = YES_ERROR;
				GCC_WARN_UNDECLARED_SELECTOR = YES;
				GCC_WARN_UNINITIALIZED_AUTOS = YES_AGGRESSIVE;
				GCC_WARN_UNUSED_FUNCTION = YES;
				GCC_WARN_UNUSED_VARIABLE = YES;
				IPHONEOS_DEPLOYMENT_TARGET = 14.0;
				LD_RUNPATH_SEARCH_PATHS = "$(inherited) @executable_path/Frameworks";
				LIBRARY_SEARCH_PATHS = "$(inherited)";
				MTL_ENABLE_DEBUG_INFO = NO;
				SDKROOT = iphoneos;
				VALIDATE_PRODUCT = YES;
			};
			name = Release;
		};
		9C972B9B28E1B34C00DD89B4 /* Debug */ = {
			isa = XCBuildConfiguration;
			buildSettings = {
				CLANG_ANALYZER_NONNULL = YES;
				CLANG_ANALYZER_NUMBER_OBJECT_CONVERSION = YES_AGGRESSIVE;
				CLANG_CXX_LANGUAGE_STANDARD = "gnu++17";
				CLANG_ENABLE_OBJC_WEAK = YES;
				CLANG_WARN_DOCUMENTATION_COMMENTS = YES;
				CLANG_WARN_UNGUARDED_AVAILABILITY = YES_AGGRESSIVE;
				CODE_SIGN_ENTITLEMENTS = BrekekeLPCProvider/BrekekeLPCProvider.entitlements;
				CODE_SIGN_STYLE = Manual;
				CURRENT_PROJECT_VERSION = 1;
				DEBUG_INFORMATION_FORMAT = dwarf;
				DEVELOPMENT_TEAM = "";
				"DEVELOPMENT_TEAM[sdk=iphoneos*]" = 4XR752Y62T;
				EXCLUDED_ARCHS = "";
				"EXCLUDED_ARCHS[sdk=iphonesimulator*]" = "";
				GCC_C_LANGUAGE_STANDARD = gnu11;
				GENERATE_INFOPLIST_FILE = YES;
				INFOPLIST_FILE = BrekekeLPCProvider/Info.plist;
				INFOPLIST_KEY_CFBundleDisplayName = BrekekeLPCProvider;
				IPHONEOS_DEPLOYMENT_TARGET = 15.0;
				LD_RUNPATH_SEARCH_PATHS = "$(inherited) @executable_path/Frameworks @executable_path/../../Frameworks";
				LIBRARY_SEARCH_PATHS = "$(inherited)";
				MARKETING_VERSION = 2.11.1;
				MTL_ENABLE_DEBUG_INFO = INCLUDE_SOURCE;
				MTL_FAST_MATH = YES;
				PRODUCT_BUNDLE_IDENTIFIER = com.brekeke.phonedev.BrekekeLPCProvider;
				PRODUCT_NAME = "$(TARGET_NAME)";
				PROVISIONING_PROFILE_SPECIFIER = "";
				"PROVISIONING_PROFILE_SPECIFIER[sdk=iphoneos*]" = "LPC com.brekeke.phonedev.BrekekeLPCProvider";
				SKIP_INSTALL = YES;
				SWIFT_ACTIVE_COMPILATION_CONDITIONS = DEBUG;
				SWIFT_EMIT_LOC_STRINGS = NO;
				SWIFT_OPTIMIZATION_LEVEL = "-Onone";
				SWIFT_VERSION = 5.0;
				TARGETED_DEVICE_FAMILY = "1,2";
			};
			name = Debug;
		};
		9C972B9C28E1B34C00DD89B4 /* Release */ = {
			isa = XCBuildConfiguration;
			buildSettings = {
				CLANG_ANALYZER_NONNULL = YES;
				CLANG_ANALYZER_NUMBER_OBJECT_CONVERSION = YES_AGGRESSIVE;
				CLANG_CXX_LANGUAGE_STANDARD = "gnu++17";
				CLANG_ENABLE_OBJC_WEAK = YES;
				CLANG_WARN_DOCUMENTATION_COMMENTS = YES;
				CLANG_WARN_UNGUARDED_AVAILABILITY = YES_AGGRESSIVE;
				CODE_SIGN_ENTITLEMENTS = BrekekeLPCProvider/BrekekeLPCProvider.entitlements;
				CODE_SIGN_STYLE = Manual;
				COPY_PHASE_STRIP = NO;
				CURRENT_PROJECT_VERSION = 1;
				DEBUG_INFORMATION_FORMAT = "dwarf-with-dsym";
				DEVELOPMENT_TEAM = "";
				"DEVELOPMENT_TEAM[sdk=iphoneos*]" = 4XR752Y62T;
				EXCLUDED_ARCHS = "";
				"EXCLUDED_ARCHS[sdk=iphonesimulator*]" = "";
				GCC_C_LANGUAGE_STANDARD = gnu11;
				GENERATE_INFOPLIST_FILE = YES;
				INFOPLIST_FILE = BrekekeLPCProvider/Info.plist;
				INFOPLIST_KEY_CFBundleDisplayName = BrekekeLPCProvider;
				IPHONEOS_DEPLOYMENT_TARGET = 15.0;
				LD_RUNPATH_SEARCH_PATHS = "$(inherited) @executable_path/Frameworks @executable_path/../../Frameworks";
				LIBRARY_SEARCH_PATHS = "$(inherited)";
				MARKETING_VERSION = 2.11.1;
				MTL_FAST_MATH = YES;
				PRODUCT_BUNDLE_IDENTIFIER = com.brekeke.phonedev.BrekekeLPCProvider;
				PRODUCT_NAME = "$(TARGET_NAME)";
				PROVISIONING_PROFILE_SPECIFIER = "";
				"PROVISIONING_PROFILE_SPECIFIER[sdk=iphoneos*]" = "LPC com.brekeke.phonedev.BrekekeLPCProvider";
				SKIP_INSTALL = YES;
				SWIFT_EMIT_LOC_STRINGS = NO;
				SWIFT_OPTIMIZATION_LEVEL = "-Owholemodule";
				SWIFT_VERSION = 5.0;
				TARGETED_DEVICE_FAMILY = "1,2";
			};
			name = Release;
		};
/* End XCBuildConfiguration section */

/* Begin XCConfigurationList section */
		13B07F931A680F5B00A75B9A /* Build configuration list for PBXNativeTarget "BrekekePhone" */ = {
			isa = XCConfigurationList;
			buildConfigurations = (
				13B07F941A680F5B00A75B9A /* Debug */,
				13B07F951A680F5B00A75B9A /* Release */,
			);
			defaultConfigurationIsVisible = 0;
			defaultConfigurationName = Release;
		};
		83CBB9FA1A601CBA00E9B192 /* Build configuration list for PBXProject "BrekekePhone" */ = {
			isa = XCConfigurationList;
			buildConfigurations = (
				83CBBA201A601CBA00E9B192 /* Debug */,
				83CBBA211A601CBA00E9B192 /* Release */,
			);
			defaultConfigurationIsVisible = 0;
			defaultConfigurationName = Release;
		};
		9C972B9A28E1B34C00DD89B4 /* Build configuration list for PBXNativeTarget "BrekekeLPCProvider" */ = {
			isa = XCConfigurationList;
			buildConfigurations = (
				9C972B9B28E1B34C00DD89B4 /* Debug */,
				9C972B9C28E1B34C00DD89B4 /* Release */,
			);
			defaultConfigurationIsVisible = 0;
			defaultConfigurationName = Release;
		};
/* End XCConfigurationList section */
	};
	rootObject = 83CBB9F71A601CBA00E9B192 /* Project object */;
}
