<?xml version="1.0" encoding="UTF-8" ?>
<Scheme LastUpgradeVersion="1250" version="1.3">
  <BuildAction buildImplicitDependencies="YES" parallelizeBuildables="YES">
    <BuildActionEntries>
      <BuildActionEntry
        buildForAnalyzing="YES"
        buildForArchiving="YES"
        buildForProfiling="YES"
        buildForRunning="YES"
        buildForTesting="YES"
      >
        <BuildableReference
          BlueprintIdentifier="13B07F861A680F5B00A75B9A"
          BlueprintName="BrekekePhone"
          BuildableIdentifier="primary"
          BuildableName="Brekeke Phone Dev.app"
          ReferencedContainer="container:BrekekePhone.xcodeproj"
        />
      </BuildActionEntry>
    </BuildActionEntries>
  </BuildAction>
  <TestAction
    buildConfiguration="Debug"
    selectedDebuggerIdentifier="Xcode.DebuggerFoundation.Debugger.LLDB"
    selectedLauncherIdentifier="Xcode.DebuggerFoundation.Launcher.LLDB"
    shouldUseLaunchSchemeArgsEnv="YES"
  >
    <Testables />
  </TestAction>
  <LaunchAction
    allowLocationSimulation="YES"
    buildConfiguration="Debug"
    debugDocumentVersioning="YES"
    debugServiceExtension="internal"
    ignoresPersistentStateOnLaunch="NO"
    launchStyle="0"
    selectedDebuggerIdentifier=""
    selectedLauncherIdentifier="Xcode.IDEFoundation.Launcher.PosixSpawn"
    useCustomWorkingDirectory="NO"
  >
    <BuildableProductRunnable runnableDebuggingMode="0">
      <BuildableReference
        BlueprintIdentifier="13B07F861A680F5B00A75B9A"
        BlueprintName="BrekekePhone"
        BuildableIdentifier="primary"
        BuildableName="Brekeke Phone Dev.app"
        ReferencedContainer="container:BrekekePhone.xcodeproj"
      />
    </BuildableProductRunnable>
  </LaunchAction>
  <ProfileAction
    buildConfiguration="Release"
    debugDocumentVersioning="YES"
    savedToolIdentifier=""
    shouldUseLaunchSchemeArgsEnv="YES"
    useCustomWorkingDirectory="NO"
  >
    <BuildableProductRunnable runnableDebuggingMode="0">
      <BuildableReference
        BlueprintIdentifier="13B07F861A680F5B00A75B9A"
        BlueprintName="BrekekePhone"
        BuildableIdentifier="primary"
        BuildableName="Brekeke Phone Dev.app"
        ReferencedContainer="container:BrekekePhone.xcodeproj"
      />
    </BuildableProductRunnable>
  </ProfileAction>
  <AnalyzeAction buildConfiguration="Debug" />
  <ArchiveAction buildConfiguration="Release" revealArchiveInOrganizer="YES" />
</Scheme>
